
Microsoft Visual Studio Solution File, Format Version 12.00
# Visual Studio 2012
VisualStudioVersion = 14.0.23107.0
MinimumVisualStudioVersion = 10.0.40219.1
Project("{FAE04EC0-301F-11D3-BF4B-00C04F79EFBC}") = "ParkitectNexus.Client-xamarin", "src\ParkitectNexusClient\ParkitectNexus.Client-xamarin.csproj", "{82FCD17E-8E5E-4322-B8B8-C00C4C224FE4}"
EndProject
Project("{FAE04EC0-301F-11D3-BF4B-00C04F79EFBC}") = "ParkitectNexus.Data-xamarin", "src\ParkitectNexus.Data\ParkitectNexus.Data-xamarin.csproj", "{0CB13383-05D3-40F5-B0E1-3907A42872DC}"
EndProject
Project("{FAE04EC0-301F-11D3-BF4B-00C04F79EFBC}") = "ParkitectNexus.Mod.ModLoader-xamarin", "src\ParkitectNexus.Mod.ModLoader\ParkitectNexus.Mod.ModLoader-xamarin.csproj", "{3451EBAF-3D69-4019-92BE-10E331F32A6F}"
EndProject
Project("{FAE04EC0-301F-11D3-BF4B-00C04F79EFBC}") = "ParkitectNexus Client", "src\ParkitectNexus.Client-mac\ParkitectNexus Client.csproj", "{7854E976-7E9F-4EC2-BDD4-0D90923501EB}"
EndProject
Project("{FAE04EC0-301F-11D3-BF4B-00C04F79EFBC}") = "ParkitectNexus.Client-linux", "src\ParkitectNexus.Client-linux\ParkitectNexus.Client-linux.csproj", "{F0C6B7B0-9CE5-46E6-B4AC-498C9FE50E10}"
EndProject
Project("{FAE04EC0-301F-11D3-BF4B-00C04F79EFBC}") = "ParkitectNexus.Client.Linux", "src\ParkitectNexus.Client.Linux\ParkitectNexus.Client.Linux.csproj", "{0D99E802-1FE5-4417-B57C-87B6BD8E146C}"
EndProject
Global
	GlobalSection(SolutionConfigurationPlatforms) = preSolution
		Debug|Any CPU = Debug|Any CPU
		Release|Any CPU = Release|Any CPU
	EndGlobalSection
	GlobalSection(ProjectConfigurationPlatforms) = postSolution
		{0CB13383-05D3-40F5-B0E1-3907A42872DC}.Debug|Any CPU.ActiveCfg = Debug|Any CPU
		{0CB13383-05D3-40F5-B0E1-3907A42872DC}.Debug|Any CPU.Build.0 = Debug|Any CPU
		{0CB13383-05D3-40F5-B0E1-3907A42872DC}.Release|Any CPU.ActiveCfg = Release|Any CPU
		{0CB13383-05D3-40F5-B0E1-3907A42872DC}.Release|Any CPU.Build.0 = Release|Any CPU
		{0D99E802-1FE5-4417-B57C-87B6BD8E146C}.Debug|Any CPU.ActiveCfg = Debug|Any CPU
		{0D99E802-1FE5-4417-B57C-87B6BD8E146C}.Debug|Any CPU.Build.0 = Debug|Any CPU
		{0D99E802-1FE5-4417-B57C-87B6BD8E146C}.Release|Any CPU.ActiveCfg = Release|Any CPU
		{0D99E802-1FE5-4417-B57C-87B6BD8E146C}.Release|Any CPU.Build.0 = Release|Any CPU
		{3451EBAF-3D69-4019-92BE-10E331F32A6F}.Debug|Any CPU.ActiveCfg = Debug|Any CPU
		{3451EBAF-3D69-4019-92BE-10E331F32A6F}.Debug|Any CPU.Build.0 = Debug|Any CPU
		{3451EBAF-3D69-4019-92BE-10E331F32A6F}.Release|Any CPU.ActiveCfg = Release|Any CPU
		{3451EBAF-3D69-4019-92BE-10E331F32A6F}.Release|Any CPU.Build.0 = Release|Any CPU
		{7854E976-7E9F-4EC2-BDD4-0D90923501EB}.Debug|Any CPU.ActiveCfg = Debug|Any CPU
		{7854E976-7E9F-4EC2-BDD4-0D90923501EB}.Debug|Any CPU.Build.0 = Debug|Any CPU
		{7854E976-7E9F-4EC2-BDD4-0D90923501EB}.Release|Any CPU.ActiveCfg = Release|Any CPU
		{7854E976-7E9F-4EC2-BDD4-0D90923501EB}.Release|Any CPU.Build.0 = Release|Any CPU
		{82FCD17E-8E5E-4322-B8B8-C00C4C224FE4}.Debug|Any CPU.ActiveCfg = Debug|Any CPU
		{82FCD17E-8E5E-4322-B8B8-C00C4C224FE4}.Debug|Any CPU.Build.0 = Debug|Any CPU
		{82FCD17E-8E5E-4322-B8B8-C00C4C224FE4}.Release|Any CPU.ActiveCfg = Release|Any CPU
		{82FCD17E-8E5E-4322-B8B8-C00C4C224FE4}.Release|Any CPU.Build.0 = Release|Any CPU
		{F0C6B7B0-9CE5-46E6-B4AC-498C9FE50E10}.Debug|Any CPU.ActiveCfg = Debug|Any CPU
		{F0C6B7B0-9CE5-46E6-B4AC-498C9FE50E10}.Debug|Any CPU.Build.0 = Debug|Any CPU
		{F0C6B7B0-9CE5-46E6-B4AC-498C9FE50E10}.Release|Any CPU.ActiveCfg = Release|Any CPU
		{F0C6B7B0-9CE5-46E6-B4AC-498C9FE50E10}.Release|Any CPU.Build.0 = Release|Any CPU
	EndGlobalSection
	GlobalSection(MonoDevelopProperties) = preSolution
		Policies = $0
		$0.DotNetNamingPolicy = $1
		$1.DirectoryNamespaceAssociation = None
		$1.ResourceNamePolicy = FileFormatDefault
		$0.TextStylePolicy = $2
		$2.FileWidth = 120
		$2.inheritsSet = VisualStudio
		$2.inheritsScope = text/plain
		$2.scope = text/x-csharp
		$0.CSharpFormattingPolicy = $3
		$3.AfterDelegateDeclarationParameterComma = True
		$3.inheritsSet = Mono
		$3.inheritsScope = text/x-csharp
		$3.scope = text/x-csharp
		version = 1.3.2.0
	EndGlobalSection
	GlobalSection(SolutionProperties) = preSolution
		HideSolutionNode = FALSE
	EndGlobalSection
EndGlobal
