
Microsoft Visual Studio Solution File, Format Version 12.00
# Visual Studio 14
VisualStudioVersion = 14.0.23107.0
MinimumVisualStudioVersion = 10.0.40219.1
Project("{FAE04EC0-301F-11D3-BF4B-00C04F79EFBC}") = "ParkitectNexus.Client", "src\ParkitectNexusClient\ParkitectNexus.Client.csproj", "{82FCD17E-8E5E-4322-B8B8-C00C4C224FE4}"
	ProjectSection(ProjectDependencies) = postProject
		{3451EBAF-3D69-4019-92BE-10E331F32A6F} = {3451EBAF-3D69-4019-92BE-10E331F32A6F}
	EndProjectSection
EndProject
Project("{8BC9CEB8-8B4A-11D0-8D11-00A0C91BC942}") = "ParkitectNexus.ModLoader", "src\ParkitectNexus.ModLoader\ParkitectNexus.ModLoader.vcxproj", "{72DEE48C-479C-4DEE-8701-5E291B7EF95A}"
	ProjectSection(ProjectDependencies) = postProject
		{9E83733C-BBFC-4EF8-AE94-971A543E21B6} = {9E83733C-BBFC-4EF8-AE94-971A543E21B6}
	EndProjectSection
EndProject
Project("{8BC9CEB8-8B4A-11D0-8D11-00A0C91BC942}") = "MonoObjectInjector", "src\MonoObjectInjector\MonoObjectInjector.vcxproj", "{9E83733C-BBFC-4EF8-AE94-971A543E21B6}"
	ProjectSection(ProjectDependencies) = postProject
		{A2C53563-46F5-4D87-903F-3F1F2FDB2DEB} = {A2C53563-46F5-4D87-903F-3F1F2FDB2DEB}
	EndProjectSection
EndProject
Project("{8BC9CEB8-8B4A-11D0-8D11-00A0C91BC942}") = "BlackBone", "BlackBone\src\BlackBone\BlackBone.vcxproj", "{A2C53563-46F5-4D87-903F-3F1F2FDB2DEB}"
EndProject
Project("{FAE04EC0-301F-11D3-BF4B-00C04F79EFBC}") = "ParkitectNexus.Data", "src\ParkitectNexus.Data\ParkitectNexus.Data.csproj", "{0CB13383-05D3-40F5-B0E1-3907A42872DC}"
EndProject
Project("{FAE04EC0-301F-11D3-BF4B-00C04F79EFBC}") = "ParkitectNexus.Mod.ModLoader", "src\ParkitectNexus.Mod.ModLoader\ParkitectNexus.Mod.ModLoader.csproj", "{3451EBAF-3D69-4019-92BE-10E331F32A6F}"
EndProject
Project("{FAE04EC0-301F-11D3-BF4B-00C04F79EFBC}") = "Setup", "src\Setup\Setup.csproj", "{C9A243E5-6443-4A00-ACAC-C20A61286264}"
	ProjectSection(ProjectDependencies) = postProject
		{9E83733C-BBFC-4EF8-AE94-971A543E21B6} = {9E83733C-BBFC-4EF8-AE94-971A543E21B6}
		{A2C53563-46F5-4D87-903F-3F1F2FDB2DEB} = {A2C53563-46F5-4D87-903F-3F1F2FDB2DEB}
		{82FCD17E-8E5E-4322-B8B8-C00C4C224FE4} = {82FCD17E-8E5E-4322-B8B8-C00C4C224FE4}
		{0CB13383-05D3-40F5-B0E1-3907A42872DC} = {0CB13383-05D3-40F5-B0E1-3907A42872DC}
		{72DEE48C-479C-4DEE-8701-5E291B7EF95A} = {72DEE48C-479C-4DEE-8701-5E291B7EF95A}
		{3451EBAF-3D69-4019-92BE-10E331F32A6F} = {3451EBAF-3D69-4019-92BE-10E331F32A6F}
	EndProjectSection
EndProject
Global
	GlobalSection(SolutionConfigurationPlatforms) = preSolution
		Debug(DLL)|Any CPU = Debug(DLL)|Any CPU
		Debug(DLL)|ARM = Debug(DLL)|ARM
		Debug(DLL)|x64 = Debug(DLL)|x64
		Debug(DLL)|x86 = Debug(DLL)|x86
		Debug(XP)|Any CPU = Debug(XP)|Any CPU
		Debug(XP)|ARM = Debug(XP)|ARM
		Debug(XP)|x64 = Debug(XP)|x64
		Debug(XP)|x86 = Debug(XP)|x86
		Debug|Any CPU = Debug|Any CPU
		Debug|ARM = Debug|ARM
		Debug|x64 = Debug|x64
		Debug|x86 = Debug|x86
		Release(DLL)|Any CPU = Release(DLL)|Any CPU
		Release(DLL)|ARM = Release(DLL)|ARM
		Release(DLL)|x64 = Release(DLL)|x64
		Release(DLL)|x86 = Release(DLL)|x86
		Release(XP)|Any CPU = Release(XP)|Any CPU
		Release(XP)|ARM = Release(XP)|ARM
		Release(XP)|x64 = Release(XP)|x64
		Release(XP)|x86 = Release(XP)|x86
		Release|Any CPU = Release|Any CPU
		Release|ARM = Release|ARM
		Release|x64 = Release|x64
		Release|x86 = Release|x86
	EndGlobalSection
	GlobalSection(ProjectConfigurationPlatforms) = postSolution
		{82FCD17E-8E5E-4322-B8B8-C00C4C224FE4}.Debug(DLL)|Any CPU.ActiveCfg = Release|Any CPU
		{82FCD17E-8E5E-4322-B8B8-C00C4C224FE4}.Debug(DLL)|Any CPU.Build.0 = Release|Any CPU
		{82FCD17E-8E5E-4322-B8B8-C00C4C224FE4}.Debug(DLL)|ARM.ActiveCfg = Debug|Any CPU
		{82FCD17E-8E5E-4322-B8B8-C00C4C224FE4}.Debug(DLL)|ARM.Build.0 = Debug|Any CPU
		{82FCD17E-8E5E-4322-B8B8-C00C4C224FE4}.Debug(DLL)|x64.ActiveCfg = Debug|Any CPU
		{82FCD17E-8E5E-4322-B8B8-C00C4C224FE4}.Debug(DLL)|x64.Build.0 = Debug|Any CPU
		{82FCD17E-8E5E-4322-B8B8-C00C4C224FE4}.Debug(DLL)|x86.ActiveCfg = Debug|Any CPU
		{82FCD17E-8E5E-4322-B8B8-C00C4C224FE4}.Debug(DLL)|x86.Build.0 = Debug|Any CPU
		{82FCD17E-8E5E-4322-B8B8-C00C4C224FE4}.Debug(XP)|Any CPU.ActiveCfg = Release|Any CPU
		{82FCD17E-8E5E-4322-B8B8-C00C4C224FE4}.Debug(XP)|Any CPU.Build.0 = Release|Any CPU
		{82FCD17E-8E5E-4322-B8B8-C00C4C224FE4}.Debug(XP)|ARM.ActiveCfg = Debug|Any CPU
		{82FCD17E-8E5E-4322-B8B8-C00C4C224FE4}.Debug(XP)|ARM.Build.0 = Debug|Any CPU
		{82FCD17E-8E5E-4322-B8B8-C00C4C224FE4}.Debug(XP)|x64.ActiveCfg = Debug|Any CPU
		{82FCD17E-8E5E-4322-B8B8-C00C4C224FE4}.Debug(XP)|x64.Build.0 = Debug|Any CPU
		{82FCD17E-8E5E-4322-B8B8-C00C4C224FE4}.Debug(XP)|x86.ActiveCfg = Debug|Any CPU
		{82FCD17E-8E5E-4322-B8B8-C00C4C224FE4}.Debug(XP)|x86.Build.0 = Debug|Any CPU
		{82FCD17E-8E5E-4322-B8B8-C00C4C224FE4}.Debug|Any CPU.ActiveCfg = Debug|Any CPU
		{82FCD17E-8E5E-4322-B8B8-C00C4C224FE4}.Debug|Any CPU.Build.0 = Debug|Any CPU
		{82FCD17E-8E5E-4322-B8B8-C00C4C224FE4}.Debug|ARM.ActiveCfg = Debug|Any CPU
		{82FCD17E-8E5E-4322-B8B8-C00C4C224FE4}.Debug|ARM.Build.0 = Debug|Any CPU
		{82FCD17E-8E5E-4322-B8B8-C00C4C224FE4}.Debug|x64.ActiveCfg = Debug|Any CPU
		{82FCD17E-8E5E-4322-B8B8-C00C4C224FE4}.Debug|x64.Build.0 = Debug|Any CPU
		{82FCD17E-8E5E-4322-B8B8-C00C4C224FE4}.Debug|x86.ActiveCfg = Debug|Any CPU
		{82FCD17E-8E5E-4322-B8B8-C00C4C224FE4}.Debug|x86.Build.0 = Debug|Any CPU
		{82FCD17E-8E5E-4322-B8B8-C00C4C224FE4}.Release(DLL)|Any CPU.ActiveCfg = Release|Any CPU
		{82FCD17E-8E5E-4322-B8B8-C00C4C224FE4}.Release(DLL)|Any CPU.Build.0 = Release|Any CPU
		{82FCD17E-8E5E-4322-B8B8-C00C4C224FE4}.Release(DLL)|ARM.ActiveCfg = Release|Any CPU
		{82FCD17E-8E5E-4322-B8B8-C00C4C224FE4}.Release(DLL)|ARM.Build.0 = Release|Any CPU
		{82FCD17E-8E5E-4322-B8B8-C00C4C224FE4}.Release(DLL)|x64.ActiveCfg = Release|Any CPU
		{82FCD17E-8E5E-4322-B8B8-C00C4C224FE4}.Release(DLL)|x64.Build.0 = Release|Any CPU
		{82FCD17E-8E5E-4322-B8B8-C00C4C224FE4}.Release(DLL)|x86.ActiveCfg = Release|Any CPU
		{82FCD17E-8E5E-4322-B8B8-C00C4C224FE4}.Release(DLL)|x86.Build.0 = Release|Any CPU
		{82FCD17E-8E5E-4322-B8B8-C00C4C224FE4}.Release(XP)|Any CPU.ActiveCfg = Release|Any CPU
		{82FCD17E-8E5E-4322-B8B8-C00C4C224FE4}.Release(XP)|Any CPU.Build.0 = Release|Any CPU
		{82FCD17E-8E5E-4322-B8B8-C00C4C224FE4}.Release(XP)|ARM.ActiveCfg = Release|Any CPU
		{82FCD17E-8E5E-4322-B8B8-C00C4C224FE4}.Release(XP)|ARM.Build.0 = Release|Any CPU
		{82FCD17E-8E5E-4322-B8B8-C00C4C224FE4}.Release(XP)|x64.ActiveCfg = Release|Any CPU
		{82FCD17E-8E5E-4322-B8B8-C00C4C224FE4}.Release(XP)|x64.Build.0 = Release|Any CPU
		{82FCD17E-8E5E-4322-B8B8-C00C4C224FE4}.Release(XP)|x86.ActiveCfg = Release|Any CPU
		{82FCD17E-8E5E-4322-B8B8-C00C4C224FE4}.Release(XP)|x86.Build.0 = Release|Any CPU
		{82FCD17E-8E5E-4322-B8B8-C00C4C224FE4}.Release|Any CPU.ActiveCfg = Release|Any CPU
		{82FCD17E-8E5E-4322-B8B8-C00C4C224FE4}.Release|Any CPU.Build.0 = Release|Any CPU
		{82FCD17E-8E5E-4322-B8B8-C00C4C224FE4}.Release|ARM.ActiveCfg = Release|Any CPU
		{82FCD17E-8E5E-4322-B8B8-C00C4C224FE4}.Release|ARM.Build.0 = Release|Any CPU
		{82FCD17E-8E5E-4322-B8B8-C00C4C224FE4}.Release|x64.ActiveCfg = Release|Any CPU
		{82FCD17E-8E5E-4322-B8B8-C00C4C224FE4}.Release|x64.Build.0 = Release|Any CPU
		{82FCD17E-8E5E-4322-B8B8-C00C4C224FE4}.Release|x86.ActiveCfg = Release|Any CPU
		{82FCD17E-8E5E-4322-B8B8-C00C4C224FE4}.Release|x86.Build.0 = Release|Any CPU
		{72DEE48C-479C-4DEE-8701-5E291B7EF95A}.Debug(DLL)|Any CPU.ActiveCfg = Release|Win32
		{72DEE48C-479C-4DEE-8701-5E291B7EF95A}.Debug(DLL)|Any CPU.Build.0 = Release|Win32
		{72DEE48C-479C-4DEE-8701-5E291B7EF95A}.Debug(DLL)|ARM.ActiveCfg = Release|Win32
		{72DEE48C-479C-4DEE-8701-5E291B7EF95A}.Debug(DLL)|ARM.Build.0 = Release|Win32
		{72DEE48C-479C-4DEE-8701-5E291B7EF95A}.Debug(DLL)|x64.ActiveCfg = Release|Win32
		{72DEE48C-479C-4DEE-8701-5E291B7EF95A}.Debug(DLL)|x64.Build.0 = Release|Win32
		{72DEE48C-479C-4DEE-8701-5E291B7EF95A}.Debug(DLL)|x86.ActiveCfg = Debug|Win32
		{72DEE48C-479C-4DEE-8701-5E291B7EF95A}.Debug(DLL)|x86.Build.0 = Debug|Win32
		{72DEE48C-479C-4DEE-8701-5E291B7EF95A}.Debug(XP)|Any CPU.ActiveCfg = Release|Win32
		{72DEE48C-479C-4DEE-8701-5E291B7EF95A}.Debug(XP)|Any CPU.Build.0 = Release|Win32
		{72DEE48C-479C-4DEE-8701-5E291B7EF95A}.Debug(XP)|ARM.ActiveCfg = Release|Win32
		{72DEE48C-479C-4DEE-8701-5E291B7EF95A}.Debug(XP)|ARM.Build.0 = Release|Win32
		{72DEE48C-479C-4DEE-8701-5E291B7EF95A}.Debug(XP)|x64.ActiveCfg = Release|Win32
		{72DEE48C-479C-4DEE-8701-5E291B7EF95A}.Debug(XP)|x64.Build.0 = Release|Win32
		{72DEE48C-479C-4DEE-8701-5E291B7EF95A}.Debug(XP)|x86.ActiveCfg = Debug|Win32
		{72DEE48C-479C-4DEE-8701-5E291B7EF95A}.Debug(XP)|x86.Build.0 = Debug|Win32
		{72DEE48C-479C-4DEE-8701-5E291B7EF95A}.Debug|Any CPU.ActiveCfg = Debug|Win32
		{72DEE48C-479C-4DEE-8701-5E291B7EF95A}.Debug|Any CPU.Build.0 = Debug|Win32
		{72DEE48C-479C-4DEE-8701-5E291B7EF95A}.Debug|ARM.ActiveCfg = Debug|Win32
		{72DEE48C-479C-4DEE-8701-5E291B7EF95A}.Debug|ARM.Build.0 = Debug|Win32
		{72DEE48C-479C-4DEE-8701-5E291B7EF95A}.Debug|x64.ActiveCfg = Debug|Win32
		{72DEE48C-479C-4DEE-8701-5E291B7EF95A}.Debug|x64.Build.0 = Debug|Win32
		{72DEE48C-479C-4DEE-8701-5E291B7EF95A}.Debug|x86.ActiveCfg = Debug|Win32
		{72DEE48C-479C-4DEE-8701-5E291B7EF95A}.Debug|x86.Build.0 = Debug|Win32
		{72DEE48C-479C-4DEE-8701-5E291B7EF95A}.Release(DLL)|Any CPU.ActiveCfg = Release|Win32
		{72DEE48C-479C-4DEE-8701-5E291B7EF95A}.Release(DLL)|Any CPU.Build.0 = Release|Win32
		{72DEE48C-479C-4DEE-8701-5E291B7EF95A}.Release(DLL)|ARM.ActiveCfg = Release|Win32
		{72DEE48C-479C-4DEE-8701-5E291B7EF95A}.Release(DLL)|ARM.Build.0 = Release|Win32
		{72DEE48C-479C-4DEE-8701-5E291B7EF95A}.Release(DLL)|x64.ActiveCfg = Release|Win32
		{72DEE48C-479C-4DEE-8701-5E291B7EF95A}.Release(DLL)|x64.Build.0 = Release|Win32
		{72DEE48C-479C-4DEE-8701-5E291B7EF95A}.Release(DLL)|x86.ActiveCfg = Release|Win32
		{72DEE48C-479C-4DEE-8701-5E291B7EF95A}.Release(DLL)|x86.Build.0 = Release|Win32
		{72DEE48C-479C-4DEE-8701-5E291B7EF95A}.Release(XP)|Any CPU.ActiveCfg = Release|Win32
		{72DEE48C-479C-4DEE-8701-5E291B7EF95A}.Release(XP)|Any CPU.Build.0 = Release|Win32
		{72DEE48C-479C-4DEE-8701-5E291B7EF95A}.Release(XP)|ARM.ActiveCfg = Release|Win32
		{72DEE48C-479C-4DEE-8701-5E291B7EF95A}.Release(XP)|ARM.Build.0 = Release|Win32
		{72DEE48C-479C-4DEE-8701-5E291B7EF95A}.Release(XP)|x64.ActiveCfg = Release|Win32
		{72DEE48C-479C-4DEE-8701-5E291B7EF95A}.Release(XP)|x64.Build.0 = Release|Win32
		{72DEE48C-479C-4DEE-8701-5E291B7EF95A}.Release(XP)|x86.ActiveCfg = Release|Win32
		{72DEE48C-479C-4DEE-8701-5E291B7EF95A}.Release(XP)|x86.Build.0 = Release|Win32
		{72DEE48C-479C-4DEE-8701-5E291B7EF95A}.Release|Any CPU.ActiveCfg = Release|Win32
		{72DEE48C-479C-4DEE-8701-5E291B7EF95A}.Release|Any CPU.Build.0 = Release|Win32
		{72DEE48C-479C-4DEE-8701-5E291B7EF95A}.Release|ARM.ActiveCfg = Release|Win32
		{72DEE48C-479C-4DEE-8701-5E291B7EF95A}.Release|ARM.Build.0 = Release|Win32
		{72DEE48C-479C-4DEE-8701-5E291B7EF95A}.Release|x64.ActiveCfg = Release|Win32
		{72DEE48C-479C-4DEE-8701-5E291B7EF95A}.Release|x64.Build.0 = Release|Win32
		{72DEE48C-479C-4DEE-8701-5E291B7EF95A}.Release|x86.ActiveCfg = Release|Win32
		{72DEE48C-479C-4DEE-8701-5E291B7EF95A}.Release|x86.Build.0 = Release|Win32
		{9E83733C-BBFC-4EF8-AE94-971A543E21B6}.Debug(DLL)|Any CPU.ActiveCfg = Release|Win32
		{9E83733C-BBFC-4EF8-AE94-971A543E21B6}.Debug(DLL)|Any CPU.Build.0 = Release|Win32
		{9E83733C-BBFC-4EF8-AE94-971A543E21B6}.Debug(DLL)|ARM.ActiveCfg = Release|Win32
		{9E83733C-BBFC-4EF8-AE94-971A543E21B6}.Debug(DLL)|ARM.Build.0 = Release|Win32
		{9E83733C-BBFC-4EF8-AE94-971A543E21B6}.Debug(DLL)|x64.ActiveCfg = Release|Win32
		{9E83733C-BBFC-4EF8-AE94-971A543E21B6}.Debug(DLL)|x64.Build.0 = Release|Win32
		{9E83733C-BBFC-4EF8-AE94-971A543E21B6}.Debug(DLL)|x86.ActiveCfg = Debug|Win32
		{9E83733C-BBFC-4EF8-AE94-971A543E21B6}.Debug(DLL)|x86.Build.0 = Debug|Win32
		{9E83733C-BBFC-4EF8-AE94-971A543E21B6}.Debug(XP)|Any CPU.ActiveCfg = Release|Win32
		{9E83733C-BBFC-4EF8-AE94-971A543E21B6}.Debug(XP)|Any CPU.Build.0 = Release|Win32
		{9E83733C-BBFC-4EF8-AE94-971A543E21B6}.Debug(XP)|ARM.ActiveCfg = Release|Win32
		{9E83733C-BBFC-4EF8-AE94-971A543E21B6}.Debug(XP)|ARM.Build.0 = Release|Win32
		{9E83733C-BBFC-4EF8-AE94-971A543E21B6}.Debug(XP)|x64.ActiveCfg = Release|Win32
		{9E83733C-BBFC-4EF8-AE94-971A543E21B6}.Debug(XP)|x64.Build.0 = Release|Win32
		{9E83733C-BBFC-4EF8-AE94-971A543E21B6}.Debug(XP)|x86.ActiveCfg = Debug|Win32
		{9E83733C-BBFC-4EF8-AE94-971A543E21B6}.Debug(XP)|x86.Build.0 = Debug|Win32
		{9E83733C-BBFC-4EF8-AE94-971A543E21B6}.Debug|Any CPU.ActiveCfg = Debug|Win32
		{9E83733C-BBFC-4EF8-AE94-971A543E21B6}.Debug|Any CPU.Build.0 = Debug|Win32
		{9E83733C-BBFC-4EF8-AE94-971A543E21B6}.Debug|ARM.ActiveCfg = Debug|Win32
		{9E83733C-BBFC-4EF8-AE94-971A543E21B6}.Debug|ARM.Build.0 = Debug|Win32
		{9E83733C-BBFC-4EF8-AE94-971A543E21B6}.Debug|x64.ActiveCfg = Debug|Win32
		{9E83733C-BBFC-4EF8-AE94-971A543E21B6}.Debug|x64.Build.0 = Debug|Win32
		{9E83733C-BBFC-4EF8-AE94-971A543E21B6}.Debug|x86.ActiveCfg = Debug|Win32
		{9E83733C-BBFC-4EF8-AE94-971A543E21B6}.Debug|x86.Build.0 = Debug|Win32
		{9E83733C-BBFC-4EF8-AE94-971A543E21B6}.Release(DLL)|Any CPU.ActiveCfg = Release|Win32
		{9E83733C-BBFC-4EF8-AE94-971A543E21B6}.Release(DLL)|Any CPU.Build.0 = Release|Win32
		{9E83733C-BBFC-4EF8-AE94-971A543E21B6}.Release(DLL)|ARM.ActiveCfg = Release|Win32
		{9E83733C-BBFC-4EF8-AE94-971A543E21B6}.Release(DLL)|ARM.Build.0 = Release|Win32
		{9E83733C-BBFC-4EF8-AE94-971A543E21B6}.Release(DLL)|x64.ActiveCfg = Release|Win32
		{9E83733C-BBFC-4EF8-AE94-971A543E21B6}.Release(DLL)|x64.Build.0 = Release|Win32
		{9E83733C-BBFC-4EF8-AE94-971A543E21B6}.Release(DLL)|x86.ActiveCfg = Release|Win32
		{9E83733C-BBFC-4EF8-AE94-971A543E21B6}.Release(DLL)|x86.Build.0 = Release|Win32
		{9E83733C-BBFC-4EF8-AE94-971A543E21B6}.Release(XP)|Any CPU.ActiveCfg = Release|Win32
		{9E83733C-BBFC-4EF8-AE94-971A543E21B6}.Release(XP)|Any CPU.Build.0 = Release|Win32
		{9E83733C-BBFC-4EF8-AE94-971A543E21B6}.Release(XP)|ARM.ActiveCfg = Release|Win32
		{9E83733C-BBFC-4EF8-AE94-971A543E21B6}.Release(XP)|ARM.Build.0 = Release|Win32
		{9E83733C-BBFC-4EF8-AE94-971A543E21B6}.Release(XP)|x64.ActiveCfg = Release|Win32
		{9E83733C-BBFC-4EF8-AE94-971A543E21B6}.Release(XP)|x64.Build.0 = Release|Win32
		{9E83733C-BBFC-4EF8-AE94-971A543E21B6}.Release(XP)|x86.ActiveCfg = Release|Win32
		{9E83733C-BBFC-4EF8-AE94-971A543E21B6}.Release(XP)|x86.Build.0 = Release|Win32
		{9E83733C-BBFC-4EF8-AE94-971A543E21B6}.Release|Any CPU.ActiveCfg = Release|Win32
		{9E83733C-BBFC-4EF8-AE94-971A543E21B6}.Release|Any CPU.Build.0 = Release|Win32
		{9E83733C-BBFC-4EF8-AE94-971A543E21B6}.Release|ARM.ActiveCfg = Release|Win32
		{9E83733C-BBFC-4EF8-AE94-971A543E21B6}.Release|ARM.Build.0 = Release|Win32
		{9E83733C-BBFC-4EF8-AE94-971A543E21B6}.Release|x64.ActiveCfg = Release|Win32
		{9E83733C-BBFC-4EF8-AE94-971A543E21B6}.Release|x64.Build.0 = Release|Win32
		{9E83733C-BBFC-4EF8-AE94-971A543E21B6}.Release|x86.ActiveCfg = Release|Win32
		{9E83733C-BBFC-4EF8-AE94-971A543E21B6}.Release|x86.Build.0 = Release|Win32
		{A2C53563-46F5-4D87-903F-3F1F2FDB2DEB}.Debug(DLL)|Any CPU.ActiveCfg = Release|Win32
		{A2C53563-46F5-4D87-903F-3F1F2FDB2DEB}.Debug(DLL)|Any CPU.Build.0 = Release|Win32
		{A2C53563-46F5-4D87-903F-3F1F2FDB2DEB}.Debug(DLL)|ARM.ActiveCfg = Debug(DLL)|Win32
		{A2C53563-46F5-4D87-903F-3F1F2FDB2DEB}.Debug(DLL)|x64.ActiveCfg = Debug(DLL)|x64
		{A2C53563-46F5-4D87-903F-3F1F2FDB2DEB}.Debug(DLL)|x64.Build.0 = Debug(DLL)|x64
		{A2C53563-46F5-4D87-903F-3F1F2FDB2DEB}.Debug(DLL)|x86.ActiveCfg = Debug(DLL)|Win32
		{A2C53563-46F5-4D87-903F-3F1F2FDB2DEB}.Debug(DLL)|x86.Build.0 = Debug(DLL)|Win32
		{A2C53563-46F5-4D87-903F-3F1F2FDB2DEB}.Debug(XP)|Any CPU.ActiveCfg = Release|Win32
		{A2C53563-46F5-4D87-903F-3F1F2FDB2DEB}.Debug(XP)|Any CPU.Build.0 = Release|Win32
		{A2C53563-46F5-4D87-903F-3F1F2FDB2DEB}.Debug(XP)|ARM.ActiveCfg = Debug(XP)|Win32
		{A2C53563-46F5-4D87-903F-3F1F2FDB2DEB}.Debug(XP)|x64.ActiveCfg = Debug(XP)|x64
		{A2C53563-46F5-4D87-903F-3F1F2FDB2DEB}.Debug(XP)|x64.Build.0 = Debug(XP)|x64
		{A2C53563-46F5-4D87-903F-3F1F2FDB2DEB}.Debug(XP)|x86.ActiveCfg = Debug(XP)|Win32
		{A2C53563-46F5-4D87-903F-3F1F2FDB2DEB}.Debug(XP)|x86.Build.0 = Debug(XP)|Win32
		{A2C53563-46F5-4D87-903F-3F1F2FDB2DEB}.Debug|Any CPU.ActiveCfg = Debug|Win32
		{A2C53563-46F5-4D87-903F-3F1F2FDB2DEB}.Debug|Any CPU.Build.0 = Debug|Win32
		{A2C53563-46F5-4D87-903F-3F1F2FDB2DEB}.Debug|ARM.ActiveCfg = Debug|Win32
		{A2C53563-46F5-4D87-903F-3F1F2FDB2DEB}.Debug|ARM.Build.0 = Debug|Win32
		{A2C53563-46F5-4D87-903F-3F1F2FDB2DEB}.Debug|x64.ActiveCfg = Debug|Win32
		{A2C53563-46F5-4D87-903F-3F1F2FDB2DEB}.Debug|x64.Build.0 = Debug|Win32
		{A2C53563-46F5-4D87-903F-3F1F2FDB2DEB}.Debug|x86.ActiveCfg = Debug|Win32
		{A2C53563-46F5-4D87-903F-3F1F2FDB2DEB}.Debug|x86.Build.0 = Debug|Win32
		{A2C53563-46F5-4D87-903F-3F1F2FDB2DEB}.Release(DLL)|Any CPU.ActiveCfg = Release|Win32
		{A2C53563-46F5-4D87-903F-3F1F2FDB2DEB}.Release(DLL)|Any CPU.Build.0 = Release|Win32
		{A2C53563-46F5-4D87-903F-3F1F2FDB2DEB}.Release(DLL)|ARM.ActiveCfg = Release(DLL)|Win32
		{A2C53563-46F5-4D87-903F-3F1F2FDB2DEB}.Release(DLL)|x64.ActiveCfg = Release(DLL)|x64
		{A2C53563-46F5-4D87-903F-3F1F2FDB2DEB}.Release(DLL)|x64.Build.0 = Release(DLL)|x64
		{A2C53563-46F5-4D87-903F-3F1F2FDB2DEB}.Release(DLL)|x86.ActiveCfg = Release(DLL)|Win32
		{A2C53563-46F5-4D87-903F-3F1F2FDB2DEB}.Release(DLL)|x86.Build.0 = Release(DLL)|Win32
		{A2C53563-46F5-4D87-903F-3F1F2FDB2DEB}.Release(XP)|Any CPU.ActiveCfg = Release|Win32
		{A2C53563-46F5-4D87-903F-3F1F2FDB2DEB}.Release(XP)|Any CPU.Build.0 = Release|Win32
		{A2C53563-46F5-4D87-903F-3F1F2FDB2DEB}.Release(XP)|ARM.ActiveCfg = Release(XP)|Win32
		{A2C53563-46F5-4D87-903F-3F1F2FDB2DEB}.Release(XP)|x64.ActiveCfg = Release(XP)|x64
		{A2C53563-46F5-4D87-903F-3F1F2FDB2DEB}.Release(XP)|x64.Build.0 = Release(XP)|x64
		{A2C53563-46F5-4D87-903F-3F1F2FDB2DEB}.Release(XP)|x86.ActiveCfg = Release(XP)|Win32
		{A2C53563-46F5-4D87-903F-3F1F2FDB2DEB}.Release(XP)|x86.Build.0 = Release(XP)|Win32
		{A2C53563-46F5-4D87-903F-3F1F2FDB2DEB}.Release|Any CPU.ActiveCfg = Release|Win32
		{A2C53563-46F5-4D87-903F-3F1F2FDB2DEB}.Release|Any CPU.Build.0 = Release|Win32
		{A2C53563-46F5-4D87-903F-3F1F2FDB2DEB}.Release|ARM.ActiveCfg = Release|Win32
		{A2C53563-46F5-4D87-903F-3F1F2FDB2DEB}.Release|ARM.Build.0 = Release|Win32
		{A2C53563-46F5-4D87-903F-3F1F2FDB2DEB}.Release|x64.ActiveCfg = Release|Win32
		{A2C53563-46F5-4D87-903F-3F1F2FDB2DEB}.Release|x64.Build.0 = Release|Win32
		{A2C53563-46F5-4D87-903F-3F1F2FDB2DEB}.Release|x86.ActiveCfg = Release|Win32
		{A2C53563-46F5-4D87-903F-3F1F2FDB2DEB}.Release|x86.Build.0 = Release|Win32
		{0CB13383-05D3-40F5-B0E1-3907A42872DC}.Debug(DLL)|Any CPU.ActiveCfg = Release|Any CPU
		{0CB13383-05D3-40F5-B0E1-3907A42872DC}.Debug(DLL)|Any CPU.Build.0 = Release|Any CPU
		{0CB13383-05D3-40F5-B0E1-3907A42872DC}.Debug(DLL)|ARM.ActiveCfg = Debug|Any CPU
		{0CB13383-05D3-40F5-B0E1-3907A42872DC}.Debug(DLL)|ARM.Build.0 = Debug|Any CPU
		{0CB13383-05D3-40F5-B0E1-3907A42872DC}.Debug(DLL)|x64.ActiveCfg = Debug|Any CPU
		{0CB13383-05D3-40F5-B0E1-3907A42872DC}.Debug(DLL)|x64.Build.0 = Debug|Any CPU
		{0CB13383-05D3-40F5-B0E1-3907A42872DC}.Debug(DLL)|x86.ActiveCfg = Debug|Any CPU
		{0CB13383-05D3-40F5-B0E1-3907A42872DC}.Debug(DLL)|x86.Build.0 = Debug|Any CPU
		{0CB13383-05D3-40F5-B0E1-3907A42872DC}.Debug(XP)|Any CPU.ActiveCfg = Release|Any CPU
		{0CB13383-05D3-40F5-B0E1-3907A42872DC}.Debug(XP)|Any CPU.Build.0 = Release|Any CPU
		{0CB13383-05D3-40F5-B0E1-3907A42872DC}.Debug(XP)|ARM.ActiveCfg = Debug|Any CPU
		{0CB13383-05D3-40F5-B0E1-3907A42872DC}.Debug(XP)|ARM.Build.0 = Debug|Any CPU
		{0CB13383-05D3-40F5-B0E1-3907A42872DC}.Debug(XP)|x64.ActiveCfg = Debug|Any CPU
		{0CB13383-05D3-40F5-B0E1-3907A42872DC}.Debug(XP)|x64.Build.0 = Debug|Any CPU
		{0CB13383-05D3-40F5-B0E1-3907A42872DC}.Debug(XP)|x86.ActiveCfg = Debug|Any CPU
		{0CB13383-05D3-40F5-B0E1-3907A42872DC}.Debug(XP)|x86.Build.0 = Debug|Any CPU
		{0CB13383-05D3-40F5-B0E1-3907A42872DC}.Debug|Any CPU.ActiveCfg = Debug|Any CPU
		{0CB13383-05D3-40F5-B0E1-3907A42872DC}.Debug|Any CPU.Build.0 = Debug|Any CPU
		{0CB13383-05D3-40F5-B0E1-3907A42872DC}.Debug|ARM.ActiveCfg = Debug|Any CPU
		{0CB13383-05D3-40F5-B0E1-3907A42872DC}.Debug|ARM.Build.0 = Debug|Any CPU
		{0CB13383-05D3-40F5-B0E1-3907A42872DC}.Debug|x64.ActiveCfg = Debug|Any CPU
		{0CB13383-05D3-40F5-B0E1-3907A42872DC}.Debug|x64.Build.0 = Debug|Any CPU
		{0CB13383-05D3-40F5-B0E1-3907A42872DC}.Debug|x86.ActiveCfg = Debug|Any CPU
		{0CB13383-05D3-40F5-B0E1-3907A42872DC}.Debug|x86.Build.0 = Debug|Any CPU
		{0CB13383-05D3-40F5-B0E1-3907A42872DC}.Release(DLL)|Any CPU.ActiveCfg = Release|Any CPU
		{0CB13383-05D3-40F5-B0E1-3907A42872DC}.Release(DLL)|Any CPU.Build.0 = Release|Any CPU
		{0CB13383-05D3-40F5-B0E1-3907A42872DC}.Release(DLL)|ARM.ActiveCfg = Release|Any CPU
		{0CB13383-05D3-40F5-B0E1-3907A42872DC}.Release(DLL)|ARM.Build.0 = Release|Any CPU
		{0CB13383-05D3-40F5-B0E1-3907A42872DC}.Release(DLL)|x64.ActiveCfg = Release|Any CPU
		{0CB13383-05D3-40F5-B0E1-3907A42872DC}.Release(DLL)|x64.Build.0 = Release|Any CPU
		{0CB13383-05D3-40F5-B0E1-3907A42872DC}.Release(DLL)|x86.ActiveCfg = Release|Any CPU
		{0CB13383-05D3-40F5-B0E1-3907A42872DC}.Release(DLL)|x86.Build.0 = Release|Any CPU
		{0CB13383-05D3-40F5-B0E1-3907A42872DC}.Release(XP)|Any CPU.ActiveCfg = Release|Any CPU
		{0CB13383-05D3-40F5-B0E1-3907A42872DC}.Release(XP)|Any CPU.Build.0 = Release|Any CPU
		{0CB13383-05D3-40F5-B0E1-3907A42872DC}.Release(XP)|ARM.ActiveCfg = Release|Any CPU
		{0CB13383-05D3-40F5-B0E1-3907A42872DC}.Release(XP)|ARM.Build.0 = Release|Any CPU
		{0CB13383-05D3-40F5-B0E1-3907A42872DC}.Release(XP)|x64.ActiveCfg = Release|Any CPU
		{0CB13383-05D3-40F5-B0E1-3907A42872DC}.Release(XP)|x64.Build.0 = Release|Any CPU
		{0CB13383-05D3-40F5-B0E1-3907A42872DC}.Release(XP)|x86.ActiveCfg = Release|Any CPU
		{0CB13383-05D3-40F5-B0E1-3907A42872DC}.Release(XP)|x86.Build.0 = Release|Any CPU
		{0CB13383-05D3-40F5-B0E1-3907A42872DC}.Release|Any CPU.ActiveCfg = Release|Any CPU
		{0CB13383-05D3-40F5-B0E1-3907A42872DC}.Release|Any CPU.Build.0 = Release|Any CPU
		{0CB13383-05D3-40F5-B0E1-3907A42872DC}.Release|ARM.ActiveCfg = Release|Any CPU
		{0CB13383-05D3-40F5-B0E1-3907A42872DC}.Release|ARM.Build.0 = Release|Any CPU
		{0CB13383-05D3-40F5-B0E1-3907A42872DC}.Release|x64.ActiveCfg = Release|Any CPU
		{0CB13383-05D3-40F5-B0E1-3907A42872DC}.Release|x64.Build.0 = Release|Any CPU
		{0CB13383-05D3-40F5-B0E1-3907A42872DC}.Release|x86.ActiveCfg = Release|Any CPU
		{0CB13383-05D3-40F5-B0E1-3907A42872DC}.Release|x86.Build.0 = Release|Any CPU
		{3451EBAF-3D69-4019-92BE-10E331F32A6F}.Debug(DLL)|Any CPU.ActiveCfg = Release|Any CPU
		{3451EBAF-3D69-4019-92BE-10E331F32A6F}.Debug(DLL)|Any CPU.Build.0 = Release|Any CPU
		{3451EBAF-3D69-4019-92BE-10E331F32A6F}.Debug(DLL)|ARM.ActiveCfg = Debug|Any CPU
		{3451EBAF-3D69-4019-92BE-10E331F32A6F}.Debug(DLL)|ARM.Build.0 = Debug|Any CPU
		{3451EBAF-3D69-4019-92BE-10E331F32A6F}.Debug(DLL)|x64.ActiveCfg = Debug|Any CPU
		{3451EBAF-3D69-4019-92BE-10E331F32A6F}.Debug(DLL)|x64.Build.0 = Debug|Any CPU
		{3451EBAF-3D69-4019-92BE-10E331F32A6F}.Debug(DLL)|x86.ActiveCfg = Debug|Any CPU
		{3451EBAF-3D69-4019-92BE-10E331F32A6F}.Debug(DLL)|x86.Build.0 = Debug|Any CPU
		{3451EBAF-3D69-4019-92BE-10E331F32A6F}.Debug(XP)|Any CPU.ActiveCfg = Release|Any CPU
		{3451EBAF-3D69-4019-92BE-10E331F32A6F}.Debug(XP)|Any CPU.Build.0 = Release|Any CPU
		{3451EBAF-3D69-4019-92BE-10E331F32A6F}.Debug(XP)|ARM.ActiveCfg = Debug|Any CPU
		{3451EBAF-3D69-4019-92BE-10E331F32A6F}.Debug(XP)|ARM.Build.0 = Debug|Any CPU
		{3451EBAF-3D69-4019-92BE-10E331F32A6F}.Debug(XP)|x64.ActiveCfg = Debug|Any CPU
		{3451EBAF-3D69-4019-92BE-10E331F32A6F}.Debug(XP)|x64.Build.0 = Debug|Any CPU
		{3451EBAF-3D69-4019-92BE-10E331F32A6F}.Debug(XP)|x86.ActiveCfg = Debug|Any CPU
		{3451EBAF-3D69-4019-92BE-10E331F32A6F}.Debug(XP)|x86.Build.0 = Debug|Any CPU
		{3451EBAF-3D69-4019-92BE-10E331F32A6F}.Debug|Any CPU.ActiveCfg = Debug|Any CPU
		{3451EBAF-3D69-4019-92BE-10E331F32A6F}.Debug|Any CPU.Build.0 = Debug|Any CPU
		{3451EBAF-3D69-4019-92BE-10E331F32A6F}.Debug|ARM.ActiveCfg = Debug|Any CPU
		{3451EBAF-3D69-4019-92BE-10E331F32A6F}.Debug|ARM.Build.0 = Debug|Any CPU
		{3451EBAF-3D69-4019-92BE-10E331F32A6F}.Debug|x64.ActiveCfg = Debug|Any CPU
		{3451EBAF-3D69-4019-92BE-10E331F32A6F}.Debug|x64.Build.0 = Debug|Any CPU
		{3451EBAF-3D69-4019-92BE-10E331F32A6F}.Debug|x86.ActiveCfg = Debug|Any CPU
		{3451EBAF-3D69-4019-92BE-10E331F32A6F}.Debug|x86.Build.0 = Debug|Any CPU
		{3451EBAF-3D69-4019-92BE-10E331F32A6F}.Release(DLL)|Any CPU.ActiveCfg = Release|Any CPU
		{3451EBAF-3D69-4019-92BE-10E331F32A6F}.Release(DLL)|Any CPU.Build.0 = Release|Any CPU
		{3451EBAF-3D69-4019-92BE-10E331F32A6F}.Release(DLL)|ARM.ActiveCfg = Release|Any CPU
		{3451EBAF-3D69-4019-92BE-10E331F32A6F}.Release(DLL)|ARM.Build.0 = Release|Any CPU
		{3451EBAF-3D69-4019-92BE-10E331F32A6F}.Release(DLL)|x64.ActiveCfg = Release|Any CPU
		{3451EBAF-3D69-4019-92BE-10E331F32A6F}.Release(DLL)|x64.Build.0 = Release|Any CPU
		{3451EBAF-3D69-4019-92BE-10E331F32A6F}.Release(DLL)|x86.ActiveCfg = Release|Any CPU
		{3451EBAF-3D69-4019-92BE-10E331F32A6F}.Release(DLL)|x86.Build.0 = Release|Any CPU
		{3451EBAF-3D69-4019-92BE-10E331F32A6F}.Release(XP)|Any CPU.ActiveCfg = Release|Any CPU
		{3451EBAF-3D69-4019-92BE-10E331F32A6F}.Release(XP)|Any CPU.Build.0 = Release|Any CPU
		{3451EBAF-3D69-4019-92BE-10E331F32A6F}.Release(XP)|ARM.ActiveCfg = Release|Any CPU
		{3451EBAF-3D69-4019-92BE-10E331F32A6F}.Release(XP)|ARM.Build.0 = Release|Any CPU
		{3451EBAF-3D69-4019-92BE-10E331F32A6F}.Release(XP)|x64.ActiveCfg = Release|Any CPU
		{3451EBAF-3D69-4019-92BE-10E331F32A6F}.Release(XP)|x64.Build.0 = Release|Any CPU
		{3451EBAF-3D69-4019-92BE-10E331F32A6F}.Release(XP)|x86.ActiveCfg = Release|Any CPU
		{3451EBAF-3D69-4019-92BE-10E331F32A6F}.Release(XP)|x86.Build.0 = Release|Any CPU
		{3451EBAF-3D69-4019-92BE-10E331F32A6F}.Release|Any CPU.ActiveCfg = Release|Any CPU
		{3451EBAF-3D69-4019-92BE-10E331F32A6F}.Release|Any CPU.Build.0 = Release|Any CPU
		{3451EBAF-3D69-4019-92BE-10E331F32A6F}.Release|ARM.ActiveCfg = Release|Any CPU
		{3451EBAF-3D69-4019-92BE-10E331F32A6F}.Release|ARM.Build.0 = Release|Any CPU
		{3451EBAF-3D69-4019-92BE-10E331F32A6F}.Release|x64.ActiveCfg = Release|Any CPU
		{3451EBAF-3D69-4019-92BE-10E331F32A6F}.Release|x64.Build.0 = Release|Any CPU
		{3451EBAF-3D69-4019-92BE-10E331F32A6F}.Release|x86.ActiveCfg = Release|Any CPU
		{3451EBAF-3D69-4019-92BE-10E331F32A6F}.Release|x86.Build.0 = Release|Any CPU
		{C9A243E5-6443-4A00-ACAC-C20A61286264}.Debug(DLL)|Any CPU.ActiveCfg = Debug|Any CPU
		{C9A243E5-6443-4A00-ACAC-C20A61286264}.Debug(DLL)|Any CPU.Build.0 = Debug|Any CPU
		{C9A243E5-6443-4A00-ACAC-C20A61286264}.Debug(DLL)|ARM.ActiveCfg = Debug|Any CPU
		{C9A243E5-6443-4A00-ACAC-C20A61286264}.Debug(DLL)|ARM.Build.0 = Debug|Any CPU
		{C9A243E5-6443-4A00-ACAC-C20A61286264}.Debug(DLL)|x64.ActiveCfg = Debug|Any CPU
		{C9A243E5-6443-4A00-ACAC-C20A61286264}.Debug(DLL)|x64.Build.0 = Debug|Any CPU
		{C9A243E5-6443-4A00-ACAC-C20A61286264}.Debug(DLL)|x86.ActiveCfg = Debug|Any CPU
		{C9A243E5-6443-4A00-ACAC-C20A61286264}.Debug(DLL)|x86.Build.0 = Debug|Any CPU
		{C9A243E5-6443-4A00-ACAC-C20A61286264}.Debug(XP)|Any CPU.ActiveCfg = Debug|Any CPU
		{C9A243E5-6443-4A00-ACAC-C20A61286264}.Debug(XP)|Any CPU.Build.0 = Debug|Any CPU
		{C9A243E5-6443-4A00-ACAC-C20A61286264}.Debug(XP)|ARM.ActiveCfg = Debug|Any CPU
		{C9A243E5-6443-4A00-ACAC-C20A61286264}.Debug(XP)|ARM.Build.0 = Debug|Any CPU
		{C9A243E5-6443-4A00-ACAC-C20A61286264}.Debug(XP)|x64.ActiveCfg = Debug|Any CPU
		{C9A243E5-6443-4A00-ACAC-C20A61286264}.Debug(XP)|x64.Build.0 = Debug|Any CPU
		{C9A243E5-6443-4A00-ACAC-C20A61286264}.Debug(XP)|x86.ActiveCfg = Debug|Any CPU
		{C9A243E5-6443-4A00-ACAC-C20A61286264}.Debug(XP)|x86.Build.0 = Debug|Any CPU
		{C9A243E5-6443-4A00-ACAC-C20A61286264}.Debug|Any CPU.ActiveCfg = Debug|Any CPU
		{C9A243E5-6443-4A00-ACAC-C20A61286264}.Debug|Any CPU.Build.0 = Debug|Any CPU
		{C9A243E5-6443-4A00-ACAC-C20A61286264}.Debug|ARM.ActiveCfg = Debug|Any CPU
		{C9A243E5-6443-4A00-ACAC-C20A61286264}.Debug|ARM.Build.0 = Debug|Any CPU
		{C9A243E5-6443-4A00-ACAC-C20A61286264}.Debug|x64.ActiveCfg = Debug|Any CPU
		{C9A243E5-6443-4A00-ACAC-C20A61286264}.Debug|x64.Build.0 = Debug|Any CPU
		{C9A243E5-6443-4A00-ACAC-C20A61286264}.Debug|x86.ActiveCfg = Debug|Any CPU
		{C9A243E5-6443-4A00-ACAC-C20A61286264}.Debug|x86.Build.0 = Debug|Any CPU
		{C9A243E5-6443-4A00-ACAC-C20A61286264}.Release(DLL)|Any CPU.ActiveCfg = Release|Any CPU
		{C9A243E5-6443-4A00-ACAC-C20A61286264}.Release(DLL)|Any CPU.Build.0 = Release|Any CPU
		{C9A243E5-6443-4A00-ACAC-C20A61286264}.Release(DLL)|ARM.ActiveCfg = Release|Any CPU
		{C9A243E5-6443-4A00-ACAC-C20A61286264}.Release(DLL)|ARM.Build.0 = Release|Any CPU
		{C9A243E5-6443-4A00-ACAC-C20A61286264}.Release(DLL)|x64.ActiveCfg = Release|Any CPU
		{C9A243E5-6443-4A00-ACAC-C20A61286264}.Release(DLL)|x64.Build.0 = Release|Any CPU
		{C9A243E5-6443-4A00-ACAC-C20A61286264}.Release(DLL)|x86.ActiveCfg = Release|Any CPU
		{C9A243E5-6443-4A00-ACAC-C20A61286264}.Release(DLL)|x86.Build.0 = Release|Any CPU
		{C9A243E5-6443-4A00-ACAC-C20A61286264}.Release(XP)|Any CPU.ActiveCfg = Release|Any CPU
		{C9A243E5-6443-4A00-ACAC-C20A61286264}.Release(XP)|Any CPU.Build.0 = Release|Any CPU
		{C9A243E5-6443-4A00-ACAC-C20A61286264}.Release(XP)|ARM.ActiveCfg = Release|Any CPU
		{C9A243E5-6443-4A00-ACAC-C20A61286264}.Release(XP)|ARM.Build.0 = Release|Any CPU
		{C9A243E5-6443-4A00-ACAC-C20A61286264}.Release(XP)|x64.ActiveCfg = Release|Any CPU
		{C9A243E5-6443-4A00-ACAC-C20A61286264}.Release(XP)|x64.Build.0 = Release|Any CPU
		{C9A243E5-6443-4A00-ACAC-C20A61286264}.Release(XP)|x86.ActiveCfg = Release|Any CPU
		{C9A243E5-6443-4A00-ACAC-C20A61286264}.Release(XP)|x86.Build.0 = Release|Any CPU
		{C9A243E5-6443-4A00-ACAC-C20A61286264}.Release|Any CPU.ActiveCfg = Release|Any CPU
		{C9A243E5-6443-4A00-ACAC-C20A61286264}.Release|Any CPU.Build.0 = Release|Any CPU
		{C9A243E5-6443-4A00-ACAC-C20A61286264}.Release|ARM.ActiveCfg = Release|Any CPU
		{C9A243E5-6443-4A00-ACAC-C20A61286264}.Release|ARM.Build.0 = Release|Any CPU
		{C9A243E5-6443-4A00-ACAC-C20A61286264}.Release|x64.ActiveCfg = Release|Any CPU
		{C9A243E5-6443-4A00-ACAC-C20A61286264}.Release|x64.Build.0 = Release|Any CPU
		{C9A243E5-6443-4A00-ACAC-C20A61286264}.Release|x86.ActiveCfg = Release|Any CPU
		{C9A243E5-6443-4A00-ACAC-C20A61286264}.Release|x86.Build.0 = Release|Any CPU
	EndGlobalSection
	GlobalSection(SolutionProperties) = preSolution
		HideSolutionNode = FALSE
	EndGlobalSection
EndGlobal
