
Microsoft Visual Studio Solution File, Format Version 12.00
# Visual Studio 14
VisualStudioVersion = 14.0.24720.0
MinimumVisualStudioVersion = 10.0.40219.1
Project("{2150E333-8FDC-42A3-9474-1A3956D46DE8}") = "Client", "Client", "{8520FA21-63E3-4916-A461-78C4F5E8E1F8}"
EndProject
Project("{FAE04EC0-301F-11D3-BF4B-00C04F79EFBC}") = "ParkitectNexus.Client.Base", "src\ParkitectNexus.Client.Base\ParkitectNexus.Client.Base.csproj", "{9E4A3C1A-F432-408A-A395-615EECE825AC}"
	ProjectSection(ProjectDependencies) = postProject
		{3451EBAF-3D69-4019-92BE-10E331F32A6F} = {3451EBAF-3D69-4019-92BE-10E331F32A6F}
	EndProjectSection
EndProject
Project("{FAE04EC0-301F-11D3-BF4B-00C04F79EFBC}") = "ParkitectNexus.Client.Win32", "src\ParkitectNexus.Client.Win32\ParkitectNexus.Client.Win32.csproj", "{AE019B1D-D225-4256-9389-9753AE32DC95}"
EndProject
Project("{FAE04EC0-301F-11D3-BF4B-00C04F79EFBC}") = "ParkitectNexus.Client.Darwin", "src\ParkitectNexus.Client.Darwin\ParkitectNexus.Client.Darwin.csproj", "{2CB1DB71-7D9A-4D3F-940C-C5F4A2E6B3A3}"
EndProject
Project("{FAE04EC0-301F-11D3-BF4B-00C04F79EFBC}") = "ParkitectNexus.Client.Linux", "src\ParkitectNexus.Client.Linux\ParkitectNexus.Client.Linux.csproj", "{3F32F8E4-80F1-4042-AA68-89DBE840B511}"
EndProject
Project("{2150E333-8FDC-42A3-9474-1A3956D46DE8}") = "Back-end", "Back-end", "{8C9C5F58-85D2-42CB-9BCA-8102179C2EED}"
EndProject
Project("{FAE04EC0-301F-11D3-BF4B-00C04F79EFBC}") = "ParkitectNexus.Data", "src\ParkitectNexus.Data\ParkitectNexus.Data.csproj", "{0CB13383-05D3-40F5-B0E1-3907A42872DC}"
EndProject
Project("{FAE04EC0-301F-11D3-BF4B-00C04F79EFBC}") = "ParkitectNexus.Mod.ModLoader", "src\ParkitectNexus.Mod.ModLoader\ParkitectNexus.Mod.ModLoader.csproj", "{3451EBAF-3D69-4019-92BE-10E331F32A6F}"
EndProject
Project("{FAE04EC0-301F-11D3-BF4B-00C04F79EFBC}") = "ParkitectNexus.Data.Test", "src\ParkitectNexus.Data.Test\ParkitectNexus.Data.Test.csproj", "{A940BE61-A6C6-49B4-945B-AC557B00CF6F}"
EndProject
Project("{2150E333-8FDC-42A3-9474-1A3956D46DE8}") = "Packaging", "Packaging", "{C167A20D-5221-4935-A2DE-EA406DDFFACA}"
EndProject
Project("{FAE04EC0-301F-11D3-BF4B-00C04F79EFBC}") = "Setup", "src\Setup\Setup.csproj", "{C9A243E5-6443-4A00-ACAC-C20A61286264}"
	ProjectSection(ProjectDependencies) = postProject
		{AE019B1D-D225-4256-9389-9753AE32DC95} = {AE019B1D-D225-4256-9389-9753AE32DC95}
		{0CB13383-05D3-40F5-B0E1-3907A42872DC} = {0CB13383-05D3-40F5-B0E1-3907A42872DC}
		{3451EBAF-3D69-4019-92BE-10E331F32A6F} = {3451EBAF-3D69-4019-92BE-10E331F32A6F}
	EndProjectSection
EndProject
Project("{2150E333-8FDC-42A3-9474-1A3956D46DE8}") = "Xwt", "Xwt", "{F62C5F51-FC61-424B-B999-BC75C10B268A}"
EndProject
Project("{FAE04EC0-301F-11D3-BF4B-00C04F79EFBC}") = "Xwt", "external\xwt\Xwt\Xwt.csproj", "{92494904-35FA-4DC9-BDE9-3A3E87AC49D3}"
EndProject
Project("{FAE04EC0-301F-11D3-BF4B-00C04F79EFBC}") = "Xwt.WPF", "external\xwt\Xwt.WPF\Xwt.WPF.csproj", "{C93D746E-1586-4D4F-B411-BF5A966E6A08}"
EndProject
Project("{FAE04EC0-301F-11D3-BF4B-00C04F79EFBC}") = "Xwt.Mac", "external\xwt\Xwt.Mac\Xwt.Mac.csproj", "{5F8E0511-7210-487F-90A1-EC3E74467617}"
EndProject
Project("{FAE04EC0-301F-11D3-BF4B-00C04F79EFBC}") = "Xwt.Gtk", "external\xwt\Xwt.Gtk\Xwt.Gtk.csproj", "{C3887A93-B2BD-4097-8E2F-3A063EFF32FD}"
EndProject
Global
	GlobalSection(SolutionConfigurationPlatforms) = preSolution
		Debug|Any CPU = Debug|Any CPU
		Debug|x64 = Debug|x64
		Debug|x86 = Debug|x86
		Release|Any CPU = Release|Any CPU
		Release|x64 = Release|x64
		Release|x86 = Release|x86
	EndGlobalSection
	GlobalSection(ProjectConfigurationPlatforms) = postSolution
		{9E4A3C1A-F432-408A-A395-615EECE825AC}.Debug|Any CPU.ActiveCfg = Debug|Any CPU
		{9E4A3C1A-F432-408A-A395-615EECE825AC}.Debug|Any CPU.Build.0 = Debug|Any CPU
		{9E4A3C1A-F432-408A-A395-615EECE825AC}.Debug|x64.ActiveCfg = Debug|Any CPU
		{9E4A3C1A-F432-408A-A395-615EECE825AC}.Debug|x64.Build.0 = Debug|Any CPU
		{9E4A3C1A-F432-408A-A395-615EECE825AC}.Debug|x86.ActiveCfg = Debug|Any CPU
		{9E4A3C1A-F432-408A-A395-615EECE825AC}.Debug|x86.Build.0 = Debug|Any CPU
		{9E4A3C1A-F432-408A-A395-615EECE825AC}.Release|Any CPU.ActiveCfg = Release|Any CPU
		{9E4A3C1A-F432-408A-A395-615EECE825AC}.Release|Any CPU.Build.0 = Release|Any CPU
		{9E4A3C1A-F432-408A-A395-615EECE825AC}.Release|x64.ActiveCfg = Release|Any CPU
		{9E4A3C1A-F432-408A-A395-615EECE825AC}.Release|x64.Build.0 = Release|Any CPU
		{9E4A3C1A-F432-408A-A395-615EECE825AC}.Release|x86.ActiveCfg = Release|Any CPU
		{9E4A3C1A-F432-408A-A395-615EECE825AC}.Release|x86.Build.0 = Release|Any CPU
		{AE019B1D-D225-4256-9389-9753AE32DC95}.Debug|Any CPU.ActiveCfg = Debug|Any CPU
		{AE019B1D-D225-4256-9389-9753AE32DC95}.Debug|Any CPU.Build.0 = Debug|Any CPU
		{AE019B1D-D225-4256-9389-9753AE32DC95}.Debug|x64.ActiveCfg = Debug|Any CPU
		{AE019B1D-D225-4256-9389-9753AE32DC95}.Debug|x64.Build.0 = Debug|Any CPU
		{AE019B1D-D225-4256-9389-9753AE32DC95}.Debug|x86.ActiveCfg = Debug|Any CPU
		{AE019B1D-D225-4256-9389-9753AE32DC95}.Debug|x86.Build.0 = Debug|Any CPU
		{AE019B1D-D225-4256-9389-9753AE32DC95}.Release|Any CPU.ActiveCfg = Release|Any CPU
		{AE019B1D-D225-4256-9389-9753AE32DC95}.Release|Any CPU.Build.0 = Release|Any CPU
		{AE019B1D-D225-4256-9389-9753AE32DC95}.Release|x64.ActiveCfg = Release|Any CPU
		{AE019B1D-D225-4256-9389-9753AE32DC95}.Release|x64.Build.0 = Release|Any CPU
		{AE019B1D-D225-4256-9389-9753AE32DC95}.Release|x86.ActiveCfg = Release|Any CPU
		{AE019B1D-D225-4256-9389-9753AE32DC95}.Release|x86.Build.0 = Release|Any CPU
		{2CB1DB71-7D9A-4D3F-940C-C5F4A2E6B3A3}.Debug|Any CPU.ActiveCfg = Debug|Any CPU
		{2CB1DB71-7D9A-4D3F-940C-C5F4A2E6B3A3}.Debug|Any CPU.Build.0 = Debug|Any CPU
		{2CB1DB71-7D9A-4D3F-940C-C5F4A2E6B3A3}.Debug|x64.ActiveCfg = Debug|Any CPU
		{2CB1DB71-7D9A-4D3F-940C-C5F4A2E6B3A3}.Debug|x64.Build.0 = Debug|Any CPU
		{2CB1DB71-7D9A-4D3F-940C-C5F4A2E6B3A3}.Debug|x86.ActiveCfg = Debug|Any CPU
		{2CB1DB71-7D9A-4D3F-940C-C5F4A2E6B3A3}.Debug|x86.Build.0 = Debug|Any CPU
		{2CB1DB71-7D9A-4D3F-940C-C5F4A2E6B3A3}.Release|Any CPU.ActiveCfg = Release|Any CPU
		{2CB1DB71-7D9A-4D3F-940C-C5F4A2E6B3A3}.Release|Any CPU.Build.0 = Release|Any CPU
		{2CB1DB71-7D9A-4D3F-940C-C5F4A2E6B3A3}.Release|x64.ActiveCfg = Release|Any CPU
		{2CB1DB71-7D9A-4D3F-940C-C5F4A2E6B3A3}.Release|x64.Build.0 = Release|Any CPU
		{2CB1DB71-7D9A-4D3F-940C-C5F4A2E6B3A3}.Release|x86.ActiveCfg = Release|Any CPU
		{2CB1DB71-7D9A-4D3F-940C-C5F4A2E6B3A3}.Release|x86.Build.0 = Release|Any CPU
		{3F32F8E4-80F1-4042-AA68-89DBE840B511}.Debug|Any CPU.ActiveCfg = Debug|Any CPU
		{3F32F8E4-80F1-4042-AA68-89DBE840B511}.Debug|Any CPU.Build.0 = Debug|Any CPU
		{3F32F8E4-80F1-4042-AA68-89DBE840B511}.Debug|x64.ActiveCfg = Debug|Any CPU
		{3F32F8E4-80F1-4042-AA68-89DBE840B511}.Debug|x64.Build.0 = Debug|Any CPU
		{3F32F8E4-80F1-4042-AA68-89DBE840B511}.Debug|x86.ActiveCfg = Debug|Any CPU
		{3F32F8E4-80F1-4042-AA68-89DBE840B511}.Debug|x86.Build.0 = Debug|Any CPU
		{3F32F8E4-80F1-4042-AA68-89DBE840B511}.Release|Any CPU.ActiveCfg = Release|Any CPU
		{3F32F8E4-80F1-4042-AA68-89DBE840B511}.Release|Any CPU.Build.0 = Release|Any CPU
		{3F32F8E4-80F1-4042-AA68-89DBE840B511}.Release|x64.ActiveCfg = Release|Any CPU
		{3F32F8E4-80F1-4042-AA68-89DBE840B511}.Release|x64.Build.0 = Release|Any CPU
		{3F32F8E4-80F1-4042-AA68-89DBE840B511}.Release|x86.ActiveCfg = Release|Any CPU
		{3F32F8E4-80F1-4042-AA68-89DBE840B511}.Release|x86.Build.0 = Release|Any CPU
		{0CB13383-05D3-40F5-B0E1-3907A42872DC}.Debug|Any CPU.ActiveCfg = Debug|Any CPU
		{0CB13383-05D3-40F5-B0E1-3907A42872DC}.Debug|Any CPU.Build.0 = Debug|Any CPU
		{0CB13383-05D3-40F5-B0E1-3907A42872DC}.Debug|x64.ActiveCfg = Debug|x64
		{0CB13383-05D3-40F5-B0E1-3907A42872DC}.Debug|x64.Build.0 = Debug|x64
		{0CB13383-05D3-40F5-B0E1-3907A42872DC}.Debug|x86.ActiveCfg = Debug|x86
		{0CB13383-05D3-40F5-B0E1-3907A42872DC}.Debug|x86.Build.0 = Debug|x86
		{0CB13383-05D3-40F5-B0E1-3907A42872DC}.Release|Any CPU.ActiveCfg = Release|Any CPU
		{0CB13383-05D3-40F5-B0E1-3907A42872DC}.Release|Any CPU.Build.0 = Release|Any CPU
		{0CB13383-05D3-40F5-B0E1-3907A42872DC}.Release|x64.ActiveCfg = Release|x64
		{0CB13383-05D3-40F5-B0E1-3907A42872DC}.Release|x64.Build.0 = Release|x64
		{0CB13383-05D3-40F5-B0E1-3907A42872DC}.Release|x86.ActiveCfg = Release|x86
		{0CB13383-05D3-40F5-B0E1-3907A42872DC}.Release|x86.Build.0 = Release|x86
		{3451EBAF-3D69-4019-92BE-10E331F32A6F}.Debug|Any CPU.ActiveCfg = Debug|Any CPU
		{3451EBAF-3D69-4019-92BE-10E331F32A6F}.Debug|Any CPU.Build.0 = Debug|Any CPU
		{3451EBAF-3D69-4019-92BE-10E331F32A6F}.Debug|x64.ActiveCfg = Debug|x64
		{3451EBAF-3D69-4019-92BE-10E331F32A6F}.Debug|x64.Build.0 = Debug|x64
		{3451EBAF-3D69-4019-92BE-10E331F32A6F}.Debug|x86.ActiveCfg = Debug|x86
		{3451EBAF-3D69-4019-92BE-10E331F32A6F}.Debug|x86.Build.0 = Debug|x86
		{3451EBAF-3D69-4019-92BE-10E331F32A6F}.Release|Any CPU.ActiveCfg = Release|Any CPU
		{3451EBAF-3D69-4019-92BE-10E331F32A6F}.Release|Any CPU.Build.0 = Release|Any CPU
		{3451EBAF-3D69-4019-92BE-10E331F32A6F}.Release|x64.ActiveCfg = Release|x64
		{3451EBAF-3D69-4019-92BE-10E331F32A6F}.Release|x64.Build.0 = Release|x64
		{3451EBAF-3D69-4019-92BE-10E331F32A6F}.Release|x86.ActiveCfg = Release|x86
		{3451EBAF-3D69-4019-92BE-10E331F32A6F}.Release|x86.Build.0 = Release|x86
		{A940BE61-A6C6-49B4-945B-AC557B00CF6F}.Debug|Any CPU.ActiveCfg = Debug|Any CPU
		{A940BE61-A6C6-49B4-945B-AC557B00CF6F}.Debug|Any CPU.Build.0 = Debug|Any CPU
		{A940BE61-A6C6-49B4-945B-AC557B00CF6F}.Debug|x64.ActiveCfg = Debug|x64
		{A940BE61-A6C6-49B4-945B-AC557B00CF6F}.Debug|x64.Build.0 = Debug|x64
		{A940BE61-A6C6-49B4-945B-AC557B00CF6F}.Debug|x86.ActiveCfg = Debug|x86
		{A940BE61-A6C6-49B4-945B-AC557B00CF6F}.Debug|x86.Build.0 = Debug|x86
		{A940BE61-A6C6-49B4-945B-AC557B00CF6F}.Release|Any CPU.ActiveCfg = Release|Any CPU
		{A940BE61-A6C6-49B4-945B-AC557B00CF6F}.Release|Any CPU.Build.0 = Release|Any CPU
		{A940BE61-A6C6-49B4-945B-AC557B00CF6F}.Release|x64.ActiveCfg = Release|x64
		{A940BE61-A6C6-49B4-945B-AC557B00CF6F}.Release|x64.Build.0 = Release|x64
		{A940BE61-A6C6-49B4-945B-AC557B00CF6F}.Release|x86.ActiveCfg = Release|x86
		{A940BE61-A6C6-49B4-945B-AC557B00CF6F}.Release|x86.Build.0 = Release|x86
		{C9A243E5-6443-4A00-ACAC-C20A61286264}.Debug|Any CPU.ActiveCfg = Debug|Any CPU
		{C9A243E5-6443-4A00-ACAC-C20A61286264}.Debug|Any CPU.Build.0 = Debug|Any CPU
		{C9A243E5-6443-4A00-ACAC-C20A61286264}.Debug|x64.ActiveCfg = Debug|x64
		{C9A243E5-6443-4A00-ACAC-C20A61286264}.Debug|x64.Build.0 = Debug|x64
		{C9A243E5-6443-4A00-ACAC-C20A61286264}.Debug|x86.ActiveCfg = Debug|x86
		{C9A243E5-6443-4A00-ACAC-C20A61286264}.Debug|x86.Build.0 = Debug|x86
		{C9A243E5-6443-4A00-ACAC-C20A61286264}.Release|Any CPU.ActiveCfg = Release|Any CPU
		{C9A243E5-6443-4A00-ACAC-C20A61286264}.Release|Any CPU.Build.0 = Release|Any CPU
		{C9A243E5-6443-4A00-ACAC-C20A61286264}.Release|x64.ActiveCfg = Release|x64
		{C9A243E5-6443-4A00-ACAC-C20A61286264}.Release|x64.Build.0 = Release|x64
		{C9A243E5-6443-4A00-ACAC-C20A61286264}.Release|x86.ActiveCfg = Release|x86
		{C9A243E5-6443-4A00-ACAC-C20A61286264}.Release|x86.Build.0 = Release|x86
		{92494904-35FA-4DC9-BDE9-3A3E87AC49D3}.Debug|Any CPU.ActiveCfg = Debug|Any CPU
		{92494904-35FA-4DC9-BDE9-3A3E87AC49D3}.Debug|Any CPU.Build.0 = Debug|Any CPU
		{92494904-35FA-4DC9-BDE9-3A3E87AC49D3}.Debug|x64.ActiveCfg = Debug|Any CPU
		{92494904-35FA-4DC9-BDE9-3A3E87AC49D3}.Debug|x64.Build.0 = Debug|Any CPU
		{92494904-35FA-4DC9-BDE9-3A3E87AC49D3}.Debug|x86.ActiveCfg = Debug|Any CPU
		{92494904-35FA-4DC9-BDE9-3A3E87AC49D3}.Debug|x86.Build.0 = Debug|Any CPU
		{92494904-35FA-4DC9-BDE9-3A3E87AC49D3}.Release|Any CPU.ActiveCfg = Release|Any CPU
		{92494904-35FA-4DC9-BDE9-3A3E87AC49D3}.Release|Any CPU.Build.0 = Release|Any CPU
		{92494904-35FA-4DC9-BDE9-3A3E87AC49D3}.Release|x64.ActiveCfg = Release|Any CPU
		{92494904-35FA-4DC9-BDE9-3A3E87AC49D3}.Release|x64.Build.0 = Release|Any CPU
		{92494904-35FA-4DC9-BDE9-3A3E87AC49D3}.Release|x86.ActiveCfg = Release|Any CPU
		{92494904-35FA-4DC9-BDE9-3A3E87AC49D3}.Release|x86.Build.0 = Release|Any CPU
		{C93D746E-1586-4D4F-B411-BF5A966E6A08}.Debug|Any CPU.ActiveCfg = Debug|Any CPU
		{C93D746E-1586-4D4F-B411-BF5A966E6A08}.Debug|Any CPU.Build.0 = Debug|Any CPU
		{C93D746E-1586-4D4F-B411-BF5A966E6A08}.Debug|x64.ActiveCfg = Debug|Any CPU
		{C93D746E-1586-4D4F-B411-BF5A966E6A08}.Debug|x64.Build.0 = Debug|Any CPU
		{C93D746E-1586-4D4F-B411-BF5A966E6A08}.Debug|x86.ActiveCfg = Debug|Any CPU
		{C93D746E-1586-4D4F-B411-BF5A966E6A08}.Debug|x86.Build.0 = Debug|Any CPU
		{C93D746E-1586-4D4F-B411-BF5A966E6A08}.Release|Any CPU.ActiveCfg = Release|Any CPU
		{C93D746E-1586-4D4F-B411-BF5A966E6A08}.Release|Any CPU.Build.0 = Release|Any CPU
		{C93D746E-1586-4D4F-B411-BF5A966E6A08}.Release|x64.ActiveCfg = Release|Any CPU
		{C93D746E-1586-4D4F-B411-BF5A966E6A08}.Release|x64.Build.0 = Release|Any CPU
		{C93D746E-1586-4D4F-B411-BF5A966E6A08}.Release|x86.ActiveCfg = Release|Any CPU
		{C93D746E-1586-4D4F-B411-BF5A966E6A08}.Release|x86.Build.0 = Release|Any CPU
		{5F8E0511-7210-487F-90A1-EC3E74467617}.Debug|Any CPU.ActiveCfg = Debug|Any CPU
		{5F8E0511-7210-487F-90A1-EC3E74467617}.Debug|Any CPU.Build.0 = Debug|Any CPU
		{5F8E0511-7210-487F-90A1-EC3E74467617}.Debug|x64.ActiveCfg = Debug|Any CPU
		{5F8E0511-7210-487F-90A1-EC3E74467617}.Debug|x64.Build.0 = Debug|Any CPU
		{5F8E0511-7210-487F-90A1-EC3E74467617}.Debug|x86.ActiveCfg = Debug|Any CPU
		{5F8E0511-7210-487F-90A1-EC3E74467617}.Debug|x86.Build.0 = Debug|Any CPU
		{5F8E0511-7210-487F-90A1-EC3E74467617}.Release|Any CPU.ActiveCfg = Release|Any CPU
		{5F8E0511-7210-487F-90A1-EC3E74467617}.Release|Any CPU.Build.0 = Release|Any CPU
		{5F8E0511-7210-487F-90A1-EC3E74467617}.Release|x64.ActiveCfg = Release|Any CPU
		{5F8E0511-7210-487F-90A1-EC3E74467617}.Release|x64.Build.0 = Release|Any CPU
		{5F8E0511-7210-487F-90A1-EC3E74467617}.Release|x86.ActiveCfg = Release|Any CPU
		{5F8E0511-7210-487F-90A1-EC3E74467617}.Release|x86.Build.0 = Release|Any CPU
		{C3887A93-B2BD-4097-8E2F-3A063EFF32FD}.Debug|Any CPU.ActiveCfg = Debug|Any CPU
		{C3887A93-B2BD-4097-8E2F-3A063EFF32FD}.Debug|Any CPU.Build.0 = Debug|Any CPU
		{C3887A93-B2BD-4097-8E2F-3A063EFF32FD}.Debug|x64.ActiveCfg = Debug|Any CPU
		{C3887A93-B2BD-4097-8E2F-3A063EFF32FD}.Debug|x64.Build.0 = Debug|Any CPU
		{C3887A93-B2BD-4097-8E2F-3A063EFF32FD}.Debug|x86.ActiveCfg = Debug|Any CPU
		{C3887A93-B2BD-4097-8E2F-3A063EFF32FD}.Debug|x86.Build.0 = Debug|Any CPU
		{C3887A93-B2BD-4097-8E2F-3A063EFF32FD}.Release|Any CPU.ActiveCfg = Release|Any CPU
		{C3887A93-B2BD-4097-8E2F-3A063EFF32FD}.Release|Any CPU.Build.0 = Release|Any CPU
		{C3887A93-B2BD-4097-8E2F-3A063EFF32FD}.Release|x64.ActiveCfg = Release|Any CPU
		{C3887A93-B2BD-4097-8E2F-3A063EFF32FD}.Release|x64.Build.0 = Release|Any CPU
		{C3887A93-B2BD-4097-8E2F-3A063EFF32FD}.Release|x86.ActiveCfg = Release|Any CPU
		{C3887A93-B2BD-4097-8E2F-3A063EFF32FD}.Release|x86.Build.0 = Release|Any CPU
	EndGlobalSection
	GlobalSection(SolutionProperties) = preSolution
		HideSolutionNode = FALSE
	EndGlobalSection
	GlobalSection(NestedProjects) = preSolution
		{9E4A3C1A-F432-408A-A395-615EECE825AC} = {8520FA21-63E3-4916-A461-78C4F5E8E1F8}
		{AE019B1D-D225-4256-9389-9753AE32DC95} = {8520FA21-63E3-4916-A461-78C4F5E8E1F8}
		{2CB1DB71-7D9A-4D3F-940C-C5F4A2E6B3A3} = {8520FA21-63E3-4916-A461-78C4F5E8E1F8}
		{3F32F8E4-80F1-4042-AA68-89DBE840B511} = {8520FA21-63E3-4916-A461-78C4F5E8E1F8}
		{0CB13383-05D3-40F5-B0E1-3907A42872DC} = {8C9C5F58-85D2-42CB-9BCA-8102179C2EED}
		{3451EBAF-3D69-4019-92BE-10E331F32A6F} = {8C9C5F58-85D2-42CB-9BCA-8102179C2EED}
		{A940BE61-A6C6-49B4-945B-AC557B00CF6F} = {8C9C5F58-85D2-42CB-9BCA-8102179C2EED}
		{C9A243E5-6443-4A00-ACAC-C20A61286264} = {C167A20D-5221-4935-A2DE-EA406DDFFACA}
		{92494904-35FA-4DC9-BDE9-3A3E87AC49D3} = {F62C5F51-FC61-424B-B999-BC75C10B268A}
		{C93D746E-1586-4D4F-B411-BF5A966E6A08} = {F62C5F51-FC61-424B-B999-BC75C10B268A}
		{5F8E0511-7210-487F-90A1-EC3E74467617} = {F62C5F51-FC61-424B-B999-BC75C10B268A}
		{C3887A93-B2BD-4097-8E2F-3A063EFF32FD} = {F62C5F51-FC61-424B-B999-BC75C10B268A}
	EndGlobalSection
EndGlobal
