
Microsoft Visual Studio Solution File, Format Version 12.00
# Visual Studio 14
VisualStudioVersion = 14.0.23107.0
MinimumVisualStudioVersion = 10.0.40219.1
Project("{FAE04EC0-301F-11D3-BF4B-00C04F79EFBC}") = "ParkitectNexusClient", "ParkitectNexusClient\ParkitectNexusClient.csproj", "{82FCD17E-8E5E-4322-B8B8-C00C4C224FE4}"
EndProject
Project("{FAE04EC0-301F-11D3-BF4B-00C04F79EFBC}") = "Setup", "Setup\Setup.csproj", "{C9A243E5-6443-4A00-ACAC-C20A61286264}"
	ProjectSection(ProjectDependencies) = postProject
		{82FCD17E-8E5E-4322-B8B8-C00C4C224FE4} = {82FCD17E-8E5E-4322-B8B8-C00C4C224FE4}
	EndProjectSection
EndProject
Global
	GlobalSection(SolutionConfigurationPlatforms) = preSolution
		Debug|Any CPU = Debug|Any CPU
		Debug|x86 = Debug|x86
		Release|Any CPU = Release|Any CPU
		Release|x86 = Release|x86
	EndGlobalSection
	GlobalSection(ProjectConfigurationPlatforms) = postSolution
		{82FCD17E-8E5E-4322-B8B8-C00C4C224FE4}.Debug|Any CPU.ActiveCfg = Debug|Any CPU
		{82FCD17E-8E5E-4322-B8B8-C00C4C224FE4}.Debug|Any CPU.Build.0 = Debug|Any CPU
		{82FCD17E-8E5E-4322-B8B8-C00C4C224FE4}.Debug|x86.ActiveCfg = Debug|Any CPU
		{82FCD17E-8E5E-4322-B8B8-C00C4C224FE4}.Debug|x86.Build.0 = Debug|Any CPU
		{82FCD17E-8E5E-4322-B8B8-C00C4C224FE4}.Release|Any CPU.ActiveCfg = Release|Any CPU
		{82FCD17E-8E5E-4322-B8B8-C00C4C224FE4}.Release|Any CPU.Build.0 = Release|Any CPU
		{82FCD17E-8E5E-4322-B8B8-C00C4C224FE4}.Release|x86.ActiveCfg = Release|Any CPU
		{82FCD17E-8E5E-4322-B8B8-C00C4C224FE4}.Release|x86.Build.0 = Release|Any CPU
		{C9A243E5-6443-4A00-ACAC-C20A61286264}.Debug|Any CPU.ActiveCfg = Debug|Any CPU
		{C9A243E5-6443-4A00-ACAC-C20A61286264}.Debug|Any CPU.Build.0 = Debug|Any CPU
		{C9A243E5-6443-4A00-ACAC-C20A61286264}.Debug|x86.ActiveCfg = Debug|Any CPU
		{C9A243E5-6443-4A00-ACAC-C20A61286264}.Debug|x86.Build.0 = Debug|Any CPU
		{C9A243E5-6443-4A00-ACAC-C20A61286264}.Release|Any CPU.ActiveCfg = Release|Any CPU
		{C9A243E5-6443-4A00-ACAC-C20A61286264}.Release|Any CPU.Build.0 = Release|Any CPU
		{C9A243E5-6443-4A00-ACAC-C20A61286264}.Release|x86.ActiveCfg = Release|Any CPU
		{C9A243E5-6443-4A00-ACAC-C20A61286264}.Release|x86.Build.0 = Release|Any CPU
	EndGlobalSection
	GlobalSection(SolutionProperties) = preSolution
		HideSolutionNode = FALSE
	EndGlobalSection
EndGlobal
