
Microsoft Visual Studio Solution File, Format Version 12.00
# Visual Studio 14
VisualStudioVersion = 14.0.23107.0
MinimumVisualStudioVersion = 10.0.40219.1
Project("{FAE04EC0-301F-11D3-BF4B-00C04F79EFBC}") = "ParkitectNexusClient", "ParkitectNexusClient\ParkitectNexusClient.csproj", "{82FCD17E-8E5E-4322-B8B8-C00C4C224FE4}"
EndProject
Project("{FAE04EC0-301F-11D3-BF4B-00C04F79EFBC}") = "Setup", "Setup\Setup.csproj", "{C9A243E5-6443-4A00-ACAC-C20A61286264}"
	ProjectSection(ProjectDependencies) = postProject
		{82FCD17E-8E5E-4322-B8B8-C00C4C224FE4} = {82FCD17E-8E5E-4322-B8B8-C00C4C224FE4}
	EndProjectSection
EndProject
<<<<<<< Updated upstream
Project("{8BC9CEB8-8B4A-11D0-8D11-00A0C91BC942}") = "BlackBone", "BlackBone\BlackBone.vcxproj", "{A2C53563-46F5-4D87-903F-3F1F2FDB2DEB}"
EndProject
Project("{FAE04EC0-301F-11D3-BF4B-00C04F79EFBC}") = "ParkitectNexusModLauncher.Debug", "ParkitectNexusModLauncher.Debug\ParkitectNexusModLauncher.Debug.csproj", "{0052122D-9DF0-42D8-A37D-83215C925AF1}"
EndProject
Project("{8BC9CEB8-8B4A-11D0-8D11-00A0C91BC942}") = "ModInjectorUnmanaged", "ModInjectorUnmanaged\ModInjectorUnmanaged.vcxproj", "{1C1ECD9A-8783-492B-9CBD-CA9E0B18F0A0}"
EndProject
Project("{8BC9CEB8-8B4A-11D0-8D11-00A0C91BC942}") = "ModInjector", "ModInjector\ModInjector.vcxproj", "{429D5352-4311-4041-BF4D-B3E2D89B3EFA}"
=======
Project("{8BC9CEB8-8B4A-11D0-8D11-00A0C91BC942}") = "BlackBone", "BlackBone\src\BlackBone\BlackBone.vcxproj", "{A2C53563-46F5-4D87-903F-3F1F2FDB2DEB}"
EndProject
Project("{8BC9CEB8-8B4A-11D0-8D11-00A0C91BC942}") = "ParkitectNexus.ModLoader", "ParkitectNexus.ModLoader\ParkitectNexus.ModLoader.vcxproj", "{429D5352-4311-4041-BF4D-B3E2D89B3EFA}"
	ProjectSection(ProjectDependencies) = postProject
		{1C1ECD9A-8783-492B-9CBD-CA9E0B18F0A0} = {1C1ECD9A-8783-492B-9CBD-CA9E0B18F0A0}
	EndProjectSection
EndProject
Project("{8BC9CEB8-8B4A-11D0-8D11-00A0C91BC942}") = "MonoObjectInjector", "MonoObjectInjector\MonoObjectInjector.vcxproj", "{1C1ECD9A-8783-492B-9CBD-CA9E0B18F0A0}"
	ProjectSection(ProjectDependencies) = postProject
		{A2C53563-46F5-4D87-903F-3F1F2FDB2DEB} = {A2C53563-46F5-4D87-903F-3F1F2FDB2DEB}
	EndProjectSection
EndProject
Project("{FAE04EC0-301F-11D3-BF4B-00C04F79EFBC}") = "ParkitectNexus.ModLoader.Debug", "ParkitectNexus.ModLoader.Debug\ParkitectNexus.ModLoader.Debug.csproj", "{0052122D-9DF0-42D8-A37D-83215C925AF1}"
>>>>>>> Stashed changes
EndProject
Global
	GlobalSection(SolutionConfigurationPlatforms) = preSolution
		Debug(DLL)|Any CPU = Debug(DLL)|Any CPU
		Debug(DLL)|ARM = Debug(DLL)|ARM
		Debug(DLL)|x64 = Debug(DLL)|x64
		Debug(DLL)|x86 = Debug(DLL)|x86
		Debug(XP)|Any CPU = Debug(XP)|Any CPU
		Debug(XP)|ARM = Debug(XP)|ARM
		Debug(XP)|x64 = Debug(XP)|x64
		Debug(XP)|x86 = Debug(XP)|x86
		Debug|Any CPU = Debug|Any CPU
		Debug|ARM = Debug|ARM
		Debug|x64 = Debug|x64
		Debug|x86 = Debug|x86
		Release(DLL)|Any CPU = Release(DLL)|Any CPU
		Release(DLL)|ARM = Release(DLL)|ARM
		Release(DLL)|x64 = Release(DLL)|x64
		Release(DLL)|x86 = Release(DLL)|x86
		Release(XP)|Any CPU = Release(XP)|Any CPU
		Release(XP)|ARM = Release(XP)|ARM
		Release(XP)|x64 = Release(XP)|x64
		Release(XP)|x86 = Release(XP)|x86
		Release|Any CPU = Release|Any CPU
		Release|ARM = Release|ARM
		Release|x64 = Release|x64
		Release|x86 = Release|x86
	EndGlobalSection
	GlobalSection(ProjectConfigurationPlatforms) = postSolution
<<<<<<< Updated upstream
		{82FCD17E-8E5E-4322-B8B8-C00C4C224FE4}.Debug(DLL)|Any CPU.ActiveCfg = Debug|Any CPU
		{82FCD17E-8E5E-4322-B8B8-C00C4C224FE4}.Debug(DLL)|Any CPU.Build.0 = Debug|Any CPU
=======
		{82FCD17E-8E5E-4322-B8B8-C00C4C224FE4}.Debug(DLL)|Any CPU.ActiveCfg = Release|Any CPU
		{82FCD17E-8E5E-4322-B8B8-C00C4C224FE4}.Debug(DLL)|Any CPU.Build.0 = Release|Any CPU
>>>>>>> Stashed changes
		{82FCD17E-8E5E-4322-B8B8-C00C4C224FE4}.Debug(DLL)|ARM.ActiveCfg = Debug|Any CPU
		{82FCD17E-8E5E-4322-B8B8-C00C4C224FE4}.Debug(DLL)|ARM.Build.0 = Debug|Any CPU
		{82FCD17E-8E5E-4322-B8B8-C00C4C224FE4}.Debug(DLL)|x64.ActiveCfg = Debug|Any CPU
		{82FCD17E-8E5E-4322-B8B8-C00C4C224FE4}.Debug(DLL)|x64.Build.0 = Debug|Any CPU
		{82FCD17E-8E5E-4322-B8B8-C00C4C224FE4}.Debug(DLL)|x86.ActiveCfg = Debug|Any CPU
		{82FCD17E-8E5E-4322-B8B8-C00C4C224FE4}.Debug(DLL)|x86.Build.0 = Debug|Any CPU
<<<<<<< Updated upstream
		{82FCD17E-8E5E-4322-B8B8-C00C4C224FE4}.Debug(XP)|Any CPU.ActiveCfg = Debug|Any CPU
		{82FCD17E-8E5E-4322-B8B8-C00C4C224FE4}.Debug(XP)|Any CPU.Build.0 = Debug|Any CPU
=======
		{82FCD17E-8E5E-4322-B8B8-C00C4C224FE4}.Debug(XP)|Any CPU.ActiveCfg = Release|Any CPU
		{82FCD17E-8E5E-4322-B8B8-C00C4C224FE4}.Debug(XP)|Any CPU.Build.0 = Release|Any CPU
>>>>>>> Stashed changes
		{82FCD17E-8E5E-4322-B8B8-C00C4C224FE4}.Debug(XP)|ARM.ActiveCfg = Debug|Any CPU
		{82FCD17E-8E5E-4322-B8B8-C00C4C224FE4}.Debug(XP)|ARM.Build.0 = Debug|Any CPU
		{82FCD17E-8E5E-4322-B8B8-C00C4C224FE4}.Debug(XP)|x64.ActiveCfg = Debug|Any CPU
		{82FCD17E-8E5E-4322-B8B8-C00C4C224FE4}.Debug(XP)|x64.Build.0 = Debug|Any CPU
		{82FCD17E-8E5E-4322-B8B8-C00C4C224FE4}.Debug(XP)|x86.ActiveCfg = Debug|Any CPU
		{82FCD17E-8E5E-4322-B8B8-C00C4C224FE4}.Debug(XP)|x86.Build.0 = Debug|Any CPU
		{82FCD17E-8E5E-4322-B8B8-C00C4C224FE4}.Debug|Any CPU.ActiveCfg = Debug|Any CPU
		{82FCD17E-8E5E-4322-B8B8-C00C4C224FE4}.Debug|Any CPU.Build.0 = Debug|Any CPU
		{82FCD17E-8E5E-4322-B8B8-C00C4C224FE4}.Debug|ARM.ActiveCfg = Debug|Any CPU
		{82FCD17E-8E5E-4322-B8B8-C00C4C224FE4}.Debug|ARM.Build.0 = Debug|Any CPU
		{82FCD17E-8E5E-4322-B8B8-C00C4C224FE4}.Debug|x64.ActiveCfg = Debug|Any CPU
		{82FCD17E-8E5E-4322-B8B8-C00C4C224FE4}.Debug|x64.Build.0 = Debug|Any CPU
		{82FCD17E-8E5E-4322-B8B8-C00C4C224FE4}.Debug|x86.ActiveCfg = Debug|Any CPU
		{82FCD17E-8E5E-4322-B8B8-C00C4C224FE4}.Debug|x86.Build.0 = Debug|Any CPU
		{82FCD17E-8E5E-4322-B8B8-C00C4C224FE4}.Release(DLL)|Any CPU.ActiveCfg = Release|Any CPU
		{82FCD17E-8E5E-4322-B8B8-C00C4C224FE4}.Release(DLL)|Any CPU.Build.0 = Release|Any CPU
		{82FCD17E-8E5E-4322-B8B8-C00C4C224FE4}.Release(DLL)|ARM.ActiveCfg = Release|Any CPU
		{82FCD17E-8E5E-4322-B8B8-C00C4C224FE4}.Release(DLL)|ARM.Build.0 = Release|Any CPU
		{82FCD17E-8E5E-4322-B8B8-C00C4C224FE4}.Release(DLL)|x64.ActiveCfg = Release|Any CPU
		{82FCD17E-8E5E-4322-B8B8-C00C4C224FE4}.Release(DLL)|x64.Build.0 = Release|Any CPU
		{82FCD17E-8E5E-4322-B8B8-C00C4C224FE4}.Release(DLL)|x86.ActiveCfg = Release|Any CPU
		{82FCD17E-8E5E-4322-B8B8-C00C4C224FE4}.Release(DLL)|x86.Build.0 = Release|Any CPU
		{82FCD17E-8E5E-4322-B8B8-C00C4C224FE4}.Release(XP)|Any CPU.ActiveCfg = Release|Any CPU
		{82FCD17E-8E5E-4322-B8B8-C00C4C224FE4}.Release(XP)|Any CPU.Build.0 = Release|Any CPU
		{82FCD17E-8E5E-4322-B8B8-C00C4C224FE4}.Release(XP)|ARM.ActiveCfg = Release|Any CPU
		{82FCD17E-8E5E-4322-B8B8-C00C4C224FE4}.Release(XP)|ARM.Build.0 = Release|Any CPU
		{82FCD17E-8E5E-4322-B8B8-C00C4C224FE4}.Release(XP)|x64.ActiveCfg = Release|Any CPU
		{82FCD17E-8E5E-4322-B8B8-C00C4C224FE4}.Release(XP)|x64.Build.0 = Release|Any CPU
		{82FCD17E-8E5E-4322-B8B8-C00C4C224FE4}.Release(XP)|x86.ActiveCfg = Release|Any CPU
		{82FCD17E-8E5E-4322-B8B8-C00C4C224FE4}.Release(XP)|x86.Build.0 = Release|Any CPU
		{82FCD17E-8E5E-4322-B8B8-C00C4C224FE4}.Release|Any CPU.ActiveCfg = Release|Any CPU
		{82FCD17E-8E5E-4322-B8B8-C00C4C224FE4}.Release|Any CPU.Build.0 = Release|Any CPU
		{82FCD17E-8E5E-4322-B8B8-C00C4C224FE4}.Release|ARM.ActiveCfg = Release|Any CPU
		{82FCD17E-8E5E-4322-B8B8-C00C4C224FE4}.Release|ARM.Build.0 = Release|Any CPU
		{82FCD17E-8E5E-4322-B8B8-C00C4C224FE4}.Release|x64.ActiveCfg = Release|Any CPU
		{82FCD17E-8E5E-4322-B8B8-C00C4C224FE4}.Release|x64.Build.0 = Release|Any CPU
		{82FCD17E-8E5E-4322-B8B8-C00C4C224FE4}.Release|x86.ActiveCfg = Release|Any CPU
		{82FCD17E-8E5E-4322-B8B8-C00C4C224FE4}.Release|x86.Build.0 = Release|Any CPU
<<<<<<< Updated upstream
		{C9A243E5-6443-4A00-ACAC-C20A61286264}.Debug(DLL)|Any CPU.ActiveCfg = Debug|Any CPU
		{C9A243E5-6443-4A00-ACAC-C20A61286264}.Debug(DLL)|Any CPU.Build.0 = Debug|Any CPU
=======
		{C9A243E5-6443-4A00-ACAC-C20A61286264}.Debug(DLL)|Any CPU.ActiveCfg = Release|Any CPU
		{C9A243E5-6443-4A00-ACAC-C20A61286264}.Debug(DLL)|Any CPU.Build.0 = Release|Any CPU
>>>>>>> Stashed changes
		{C9A243E5-6443-4A00-ACAC-C20A61286264}.Debug(DLL)|ARM.ActiveCfg = Debug|Any CPU
		{C9A243E5-6443-4A00-ACAC-C20A61286264}.Debug(DLL)|ARM.Build.0 = Debug|Any CPU
		{C9A243E5-6443-4A00-ACAC-C20A61286264}.Debug(DLL)|x64.ActiveCfg = Debug|Any CPU
		{C9A243E5-6443-4A00-ACAC-C20A61286264}.Debug(DLL)|x64.Build.0 = Debug|Any CPU
		{C9A243E5-6443-4A00-ACAC-C20A61286264}.Debug(DLL)|x86.ActiveCfg = Debug|Any CPU
		{C9A243E5-6443-4A00-ACAC-C20A61286264}.Debug(DLL)|x86.Build.0 = Debug|Any CPU
<<<<<<< Updated upstream
		{C9A243E5-6443-4A00-ACAC-C20A61286264}.Debug(XP)|Any CPU.ActiveCfg = Debug|Any CPU
		{C9A243E5-6443-4A00-ACAC-C20A61286264}.Debug(XP)|Any CPU.Build.0 = Debug|Any CPU
=======
		{C9A243E5-6443-4A00-ACAC-C20A61286264}.Debug(XP)|Any CPU.ActiveCfg = Release|Any CPU
		{C9A243E5-6443-4A00-ACAC-C20A61286264}.Debug(XP)|Any CPU.Build.0 = Release|Any CPU
>>>>>>> Stashed changes
		{C9A243E5-6443-4A00-ACAC-C20A61286264}.Debug(XP)|ARM.ActiveCfg = Debug|Any CPU
		{C9A243E5-6443-4A00-ACAC-C20A61286264}.Debug(XP)|ARM.Build.0 = Debug|Any CPU
		{C9A243E5-6443-4A00-ACAC-C20A61286264}.Debug(XP)|x64.ActiveCfg = Debug|Any CPU
		{C9A243E5-6443-4A00-ACAC-C20A61286264}.Debug(XP)|x64.Build.0 = Debug|Any CPU
		{C9A243E5-6443-4A00-ACAC-C20A61286264}.Debug(XP)|x86.ActiveCfg = Debug|Any CPU
		{C9A243E5-6443-4A00-ACAC-C20A61286264}.Debug(XP)|x86.Build.0 = Debug|Any CPU
		{C9A243E5-6443-4A00-ACAC-C20A61286264}.Debug|Any CPU.ActiveCfg = Debug|Any CPU
		{C9A243E5-6443-4A00-ACAC-C20A61286264}.Debug|Any CPU.Build.0 = Debug|Any CPU
		{C9A243E5-6443-4A00-ACAC-C20A61286264}.Debug|ARM.ActiveCfg = Debug|Any CPU
		{C9A243E5-6443-4A00-ACAC-C20A61286264}.Debug|ARM.Build.0 = Debug|Any CPU
		{C9A243E5-6443-4A00-ACAC-C20A61286264}.Debug|x64.ActiveCfg = Debug|Any CPU
		{C9A243E5-6443-4A00-ACAC-C20A61286264}.Debug|x64.Build.0 = Debug|Any CPU
		{C9A243E5-6443-4A00-ACAC-C20A61286264}.Debug|x86.ActiveCfg = Debug|Any CPU
		{C9A243E5-6443-4A00-ACAC-C20A61286264}.Debug|x86.Build.0 = Debug|Any CPU
		{C9A243E5-6443-4A00-ACAC-C20A61286264}.Release(DLL)|Any CPU.ActiveCfg = Release|Any CPU
		{C9A243E5-6443-4A00-ACAC-C20A61286264}.Release(DLL)|Any CPU.Build.0 = Release|Any CPU
		{C9A243E5-6443-4A00-ACAC-C20A61286264}.Release(DLL)|ARM.ActiveCfg = Release|Any CPU
		{C9A243E5-6443-4A00-ACAC-C20A61286264}.Release(DLL)|ARM.Build.0 = Release|Any CPU
		{C9A243E5-6443-4A00-ACAC-C20A61286264}.Release(DLL)|x64.ActiveCfg = Release|Any CPU
		{C9A243E5-6443-4A00-ACAC-C20A61286264}.Release(DLL)|x64.Build.0 = Release|Any CPU
		{C9A243E5-6443-4A00-ACAC-C20A61286264}.Release(DLL)|x86.ActiveCfg = Release|Any CPU
		{C9A243E5-6443-4A00-ACAC-C20A61286264}.Release(DLL)|x86.Build.0 = Release|Any CPU
		{C9A243E5-6443-4A00-ACAC-C20A61286264}.Release(XP)|Any CPU.ActiveCfg = Release|Any CPU
		{C9A243E5-6443-4A00-ACAC-C20A61286264}.Release(XP)|Any CPU.Build.0 = Release|Any CPU
		{C9A243E5-6443-4A00-ACAC-C20A61286264}.Release(XP)|ARM.ActiveCfg = Release|Any CPU
		{C9A243E5-6443-4A00-ACAC-C20A61286264}.Release(XP)|ARM.Build.0 = Release|Any CPU
		{C9A243E5-6443-4A00-ACAC-C20A61286264}.Release(XP)|x64.ActiveCfg = Release|Any CPU
		{C9A243E5-6443-4A00-ACAC-C20A61286264}.Release(XP)|x64.Build.0 = Release|Any CPU
		{C9A243E5-6443-4A00-ACAC-C20A61286264}.Release(XP)|x86.ActiveCfg = Release|Any CPU
		{C9A243E5-6443-4A00-ACAC-C20A61286264}.Release(XP)|x86.Build.0 = Release|Any CPU
		{C9A243E5-6443-4A00-ACAC-C20A61286264}.Release|Any CPU.ActiveCfg = Release|Any CPU
		{C9A243E5-6443-4A00-ACAC-C20A61286264}.Release|Any CPU.Build.0 = Release|Any CPU
		{C9A243E5-6443-4A00-ACAC-C20A61286264}.Release|ARM.ActiveCfg = Release|Any CPU
		{C9A243E5-6443-4A00-ACAC-C20A61286264}.Release|ARM.Build.0 = Release|Any CPU
		{C9A243E5-6443-4A00-ACAC-C20A61286264}.Release|x64.ActiveCfg = Release|Any CPU
		{C9A243E5-6443-4A00-ACAC-C20A61286264}.Release|x64.Build.0 = Release|Any CPU
		{C9A243E5-6443-4A00-ACAC-C20A61286264}.Release|x86.ActiveCfg = Release|Any CPU
		{C9A243E5-6443-4A00-ACAC-C20A61286264}.Release|x86.Build.0 = Release|Any CPU
<<<<<<< Updated upstream
		{A2C53563-46F5-4D87-903F-3F1F2FDB2DEB}.Debug(DLL)|Any CPU.ActiveCfg = Debug(DLL)|Win32
=======
		{A2C53563-46F5-4D87-903F-3F1F2FDB2DEB}.Debug(DLL)|Any CPU.ActiveCfg = Release|Win32
		{A2C53563-46F5-4D87-903F-3F1F2FDB2DEB}.Debug(DLL)|Any CPU.Build.0 = Release|Win32
>>>>>>> Stashed changes
		{A2C53563-46F5-4D87-903F-3F1F2FDB2DEB}.Debug(DLL)|ARM.ActiveCfg = Debug(DLL)|Win32
		{A2C53563-46F5-4D87-903F-3F1F2FDB2DEB}.Debug(DLL)|x64.ActiveCfg = Debug(DLL)|x64
		{A2C53563-46F5-4D87-903F-3F1F2FDB2DEB}.Debug(DLL)|x64.Build.0 = Debug(DLL)|x64
		{A2C53563-46F5-4D87-903F-3F1F2FDB2DEB}.Debug(DLL)|x86.ActiveCfg = Debug(DLL)|Win32
		{A2C53563-46F5-4D87-903F-3F1F2FDB2DEB}.Debug(DLL)|x86.Build.0 = Debug(DLL)|Win32
<<<<<<< Updated upstream
		{A2C53563-46F5-4D87-903F-3F1F2FDB2DEB}.Debug(XP)|Any CPU.ActiveCfg = Debug(XP)|Win32
=======
		{A2C53563-46F5-4D87-903F-3F1F2FDB2DEB}.Debug(XP)|Any CPU.ActiveCfg = Release|Win32
		{A2C53563-46F5-4D87-903F-3F1F2FDB2DEB}.Debug(XP)|Any CPU.Build.0 = Release|Win32
>>>>>>> Stashed changes
		{A2C53563-46F5-4D87-903F-3F1F2FDB2DEB}.Debug(XP)|ARM.ActiveCfg = Debug(XP)|Win32
		{A2C53563-46F5-4D87-903F-3F1F2FDB2DEB}.Debug(XP)|x64.ActiveCfg = Debug(XP)|x64
		{A2C53563-46F5-4D87-903F-3F1F2FDB2DEB}.Debug(XP)|x64.Build.0 = Debug(XP)|x64
		{A2C53563-46F5-4D87-903F-3F1F2FDB2DEB}.Debug(XP)|x86.ActiveCfg = Debug(XP)|Win32
		{A2C53563-46F5-4D87-903F-3F1F2FDB2DEB}.Debug(XP)|x86.Build.0 = Debug(XP)|Win32
		{A2C53563-46F5-4D87-903F-3F1F2FDB2DEB}.Debug|Any CPU.ActiveCfg = Debug|Win32
<<<<<<< Updated upstream
=======
		{A2C53563-46F5-4D87-903F-3F1F2FDB2DEB}.Debug|Any CPU.Build.0 = Debug|Win32
>>>>>>> Stashed changes
		{A2C53563-46F5-4D87-903F-3F1F2FDB2DEB}.Debug|ARM.ActiveCfg = Debug|Win32
		{A2C53563-46F5-4D87-903F-3F1F2FDB2DEB}.Debug|x64.ActiveCfg = Debug|x64
		{A2C53563-46F5-4D87-903F-3F1F2FDB2DEB}.Debug|x64.Build.0 = Debug|x64
		{A2C53563-46F5-4D87-903F-3F1F2FDB2DEB}.Debug|x86.ActiveCfg = Debug|Win32
		{A2C53563-46F5-4D87-903F-3F1F2FDB2DEB}.Debug|x86.Build.0 = Debug|Win32
<<<<<<< Updated upstream
		{A2C53563-46F5-4D87-903F-3F1F2FDB2DEB}.Release(DLL)|Any CPU.ActiveCfg = Release(DLL)|Win32
=======
		{A2C53563-46F5-4D87-903F-3F1F2FDB2DEB}.Release(DLL)|Any CPU.ActiveCfg = Release|Win32
		{A2C53563-46F5-4D87-903F-3F1F2FDB2DEB}.Release(DLL)|Any CPU.Build.0 = Release|Win32
>>>>>>> Stashed changes
		{A2C53563-46F5-4D87-903F-3F1F2FDB2DEB}.Release(DLL)|ARM.ActiveCfg = Release(DLL)|Win32
		{A2C53563-46F5-4D87-903F-3F1F2FDB2DEB}.Release(DLL)|x64.ActiveCfg = Release(DLL)|x64
		{A2C53563-46F5-4D87-903F-3F1F2FDB2DEB}.Release(DLL)|x64.Build.0 = Release(DLL)|x64
		{A2C53563-46F5-4D87-903F-3F1F2FDB2DEB}.Release(DLL)|x86.ActiveCfg = Release(DLL)|Win32
		{A2C53563-46F5-4D87-903F-3F1F2FDB2DEB}.Release(DLL)|x86.Build.0 = Release(DLL)|Win32
<<<<<<< Updated upstream
		{A2C53563-46F5-4D87-903F-3F1F2FDB2DEB}.Release(XP)|Any CPU.ActiveCfg = Release(XP)|Win32
=======
		{A2C53563-46F5-4D87-903F-3F1F2FDB2DEB}.Release(XP)|Any CPU.ActiveCfg = Release|Win32
		{A2C53563-46F5-4D87-903F-3F1F2FDB2DEB}.Release(XP)|Any CPU.Build.0 = Release|Win32
>>>>>>> Stashed changes
		{A2C53563-46F5-4D87-903F-3F1F2FDB2DEB}.Release(XP)|ARM.ActiveCfg = Release(XP)|Win32
		{A2C53563-46F5-4D87-903F-3F1F2FDB2DEB}.Release(XP)|x64.ActiveCfg = Release(XP)|x64
		{A2C53563-46F5-4D87-903F-3F1F2FDB2DEB}.Release(XP)|x64.Build.0 = Release(XP)|x64
		{A2C53563-46F5-4D87-903F-3F1F2FDB2DEB}.Release(XP)|x86.ActiveCfg = Release(XP)|Win32
		{A2C53563-46F5-4D87-903F-3F1F2FDB2DEB}.Release(XP)|x86.Build.0 = Release(XP)|Win32
		{A2C53563-46F5-4D87-903F-3F1F2FDB2DEB}.Release|Any CPU.ActiveCfg = Release|Win32
<<<<<<< Updated upstream
=======
		{A2C53563-46F5-4D87-903F-3F1F2FDB2DEB}.Release|Any CPU.Build.0 = Release|Win32
>>>>>>> Stashed changes
		{A2C53563-46F5-4D87-903F-3F1F2FDB2DEB}.Release|ARM.ActiveCfg = Release|Win32
		{A2C53563-46F5-4D87-903F-3F1F2FDB2DEB}.Release|x64.ActiveCfg = Release|x64
		{A2C53563-46F5-4D87-903F-3F1F2FDB2DEB}.Release|x64.Build.0 = Release|x64
		{A2C53563-46F5-4D87-903F-3F1F2FDB2DEB}.Release|x86.ActiveCfg = Release|Win32
		{A2C53563-46F5-4D87-903F-3F1F2FDB2DEB}.Release|x86.Build.0 = Release|Win32
<<<<<<< Updated upstream
=======
		{429D5352-4311-4041-BF4D-B3E2D89B3EFA}.Debug(DLL)|Any CPU.ActiveCfg = Release|x64
		{429D5352-4311-4041-BF4D-B3E2D89B3EFA}.Debug(DLL)|Any CPU.Build.0 = Release|x64
		{429D5352-4311-4041-BF4D-B3E2D89B3EFA}.Debug(DLL)|ARM.ActiveCfg = Release|x64
		{429D5352-4311-4041-BF4D-B3E2D89B3EFA}.Debug(DLL)|ARM.Build.0 = Release|x64
		{429D5352-4311-4041-BF4D-B3E2D89B3EFA}.Debug(DLL)|x64.ActiveCfg = Debug|x64
		{429D5352-4311-4041-BF4D-B3E2D89B3EFA}.Debug(DLL)|x64.Build.0 = Debug|x64
		{429D5352-4311-4041-BF4D-B3E2D89B3EFA}.Debug(DLL)|x86.ActiveCfg = Debug|Win32
		{429D5352-4311-4041-BF4D-B3E2D89B3EFA}.Debug(DLL)|x86.Build.0 = Debug|Win32
		{429D5352-4311-4041-BF4D-B3E2D89B3EFA}.Debug(XP)|Any CPU.ActiveCfg = Release|x64
		{429D5352-4311-4041-BF4D-B3E2D89B3EFA}.Debug(XP)|Any CPU.Build.0 = Release|x64
		{429D5352-4311-4041-BF4D-B3E2D89B3EFA}.Debug(XP)|ARM.ActiveCfg = Release|x64
		{429D5352-4311-4041-BF4D-B3E2D89B3EFA}.Debug(XP)|ARM.Build.0 = Release|x64
		{429D5352-4311-4041-BF4D-B3E2D89B3EFA}.Debug(XP)|x64.ActiveCfg = Debug|x64
		{429D5352-4311-4041-BF4D-B3E2D89B3EFA}.Debug(XP)|x64.Build.0 = Debug|x64
		{429D5352-4311-4041-BF4D-B3E2D89B3EFA}.Debug(XP)|x86.ActiveCfg = Debug|Win32
		{429D5352-4311-4041-BF4D-B3E2D89B3EFA}.Debug(XP)|x86.Build.0 = Debug|Win32
		{429D5352-4311-4041-BF4D-B3E2D89B3EFA}.Debug|Any CPU.ActiveCfg = Debug|Win32
		{429D5352-4311-4041-BF4D-B3E2D89B3EFA}.Debug|Any CPU.Build.0 = Debug|Win32
		{429D5352-4311-4041-BF4D-B3E2D89B3EFA}.Debug|ARM.ActiveCfg = Debug|Win32
		{429D5352-4311-4041-BF4D-B3E2D89B3EFA}.Debug|x64.ActiveCfg = Debug|x64
		{429D5352-4311-4041-BF4D-B3E2D89B3EFA}.Debug|x64.Build.0 = Debug|x64
		{429D5352-4311-4041-BF4D-B3E2D89B3EFA}.Debug|x86.ActiveCfg = Debug|Win32
		{429D5352-4311-4041-BF4D-B3E2D89B3EFA}.Debug|x86.Build.0 = Debug|Win32
		{429D5352-4311-4041-BF4D-B3E2D89B3EFA}.Release(DLL)|Any CPU.ActiveCfg = Release|x64
		{429D5352-4311-4041-BF4D-B3E2D89B3EFA}.Release(DLL)|Any CPU.Build.0 = Release|x64
		{429D5352-4311-4041-BF4D-B3E2D89B3EFA}.Release(DLL)|ARM.ActiveCfg = Release|x64
		{429D5352-4311-4041-BF4D-B3E2D89B3EFA}.Release(DLL)|ARM.Build.0 = Release|x64
		{429D5352-4311-4041-BF4D-B3E2D89B3EFA}.Release(DLL)|x64.ActiveCfg = Release|x64
		{429D5352-4311-4041-BF4D-B3E2D89B3EFA}.Release(DLL)|x64.Build.0 = Release|x64
		{429D5352-4311-4041-BF4D-B3E2D89B3EFA}.Release(DLL)|x86.ActiveCfg = Release|Win32
		{429D5352-4311-4041-BF4D-B3E2D89B3EFA}.Release(DLL)|x86.Build.0 = Release|Win32
		{429D5352-4311-4041-BF4D-B3E2D89B3EFA}.Release(XP)|Any CPU.ActiveCfg = Release|x64
		{429D5352-4311-4041-BF4D-B3E2D89B3EFA}.Release(XP)|Any CPU.Build.0 = Release|x64
		{429D5352-4311-4041-BF4D-B3E2D89B3EFA}.Release(XP)|ARM.ActiveCfg = Release|x64
		{429D5352-4311-4041-BF4D-B3E2D89B3EFA}.Release(XP)|ARM.Build.0 = Release|x64
		{429D5352-4311-4041-BF4D-B3E2D89B3EFA}.Release(XP)|x64.ActiveCfg = Release|x64
		{429D5352-4311-4041-BF4D-B3E2D89B3EFA}.Release(XP)|x64.Build.0 = Release|x64
		{429D5352-4311-4041-BF4D-B3E2D89B3EFA}.Release(XP)|x86.ActiveCfg = Release|Win32
		{429D5352-4311-4041-BF4D-B3E2D89B3EFA}.Release(XP)|x86.Build.0 = Release|Win32
		{429D5352-4311-4041-BF4D-B3E2D89B3EFA}.Release|Any CPU.ActiveCfg = Release|Win32
		{429D5352-4311-4041-BF4D-B3E2D89B3EFA}.Release|ARM.ActiveCfg = Release|Win32
		{429D5352-4311-4041-BF4D-B3E2D89B3EFA}.Release|x64.ActiveCfg = Release|x64
		{429D5352-4311-4041-BF4D-B3E2D89B3EFA}.Release|x64.Build.0 = Release|x64
		{429D5352-4311-4041-BF4D-B3E2D89B3EFA}.Release|x86.ActiveCfg = Release|Win32
		{429D5352-4311-4041-BF4D-B3E2D89B3EFA}.Release|x86.Build.0 = Release|Win32
		{1C1ECD9A-8783-492B-9CBD-CA9E0B18F0A0}.Debug(DLL)|Any CPU.ActiveCfg = Release|x64
		{1C1ECD9A-8783-492B-9CBD-CA9E0B18F0A0}.Debug(DLL)|Any CPU.Build.0 = Release|x64
		{1C1ECD9A-8783-492B-9CBD-CA9E0B18F0A0}.Debug(DLL)|ARM.ActiveCfg = Release|x64
		{1C1ECD9A-8783-492B-9CBD-CA9E0B18F0A0}.Debug(DLL)|ARM.Build.0 = Release|x64
		{1C1ECD9A-8783-492B-9CBD-CA9E0B18F0A0}.Debug(DLL)|x64.ActiveCfg = Debug|x64
		{1C1ECD9A-8783-492B-9CBD-CA9E0B18F0A0}.Debug(DLL)|x64.Build.0 = Debug|x64
		{1C1ECD9A-8783-492B-9CBD-CA9E0B18F0A0}.Debug(DLL)|x86.ActiveCfg = Debug|Win32
		{1C1ECD9A-8783-492B-9CBD-CA9E0B18F0A0}.Debug(DLL)|x86.Build.0 = Debug|Win32
		{1C1ECD9A-8783-492B-9CBD-CA9E0B18F0A0}.Debug(XP)|Any CPU.ActiveCfg = Release|x64
		{1C1ECD9A-8783-492B-9CBD-CA9E0B18F0A0}.Debug(XP)|Any CPU.Build.0 = Release|x64
		{1C1ECD9A-8783-492B-9CBD-CA9E0B18F0A0}.Debug(XP)|ARM.ActiveCfg = Release|x64
		{1C1ECD9A-8783-492B-9CBD-CA9E0B18F0A0}.Debug(XP)|ARM.Build.0 = Release|x64
		{1C1ECD9A-8783-492B-9CBD-CA9E0B18F0A0}.Debug(XP)|x64.ActiveCfg = Debug|x64
		{1C1ECD9A-8783-492B-9CBD-CA9E0B18F0A0}.Debug(XP)|x64.Build.0 = Debug|x64
		{1C1ECD9A-8783-492B-9CBD-CA9E0B18F0A0}.Debug(XP)|x86.ActiveCfg = Debug|Win32
		{1C1ECD9A-8783-492B-9CBD-CA9E0B18F0A0}.Debug(XP)|x86.Build.0 = Debug|Win32
		{1C1ECD9A-8783-492B-9CBD-CA9E0B18F0A0}.Debug|Any CPU.ActiveCfg = Debug|Win32
		{1C1ECD9A-8783-492B-9CBD-CA9E0B18F0A0}.Debug|Any CPU.Build.0 = Debug|Win32
		{1C1ECD9A-8783-492B-9CBD-CA9E0B18F0A0}.Debug|ARM.ActiveCfg = Debug|Win32
		{1C1ECD9A-8783-492B-9CBD-CA9E0B18F0A0}.Debug|x64.ActiveCfg = Debug|x64
		{1C1ECD9A-8783-492B-9CBD-CA9E0B18F0A0}.Debug|x64.Build.0 = Debug|x64
		{1C1ECD9A-8783-492B-9CBD-CA9E0B18F0A0}.Debug|x86.ActiveCfg = Debug|Win32
		{1C1ECD9A-8783-492B-9CBD-CA9E0B18F0A0}.Debug|x86.Build.0 = Debug|Win32
		{1C1ECD9A-8783-492B-9CBD-CA9E0B18F0A0}.Release(DLL)|Any CPU.ActiveCfg = Release|x64
		{1C1ECD9A-8783-492B-9CBD-CA9E0B18F0A0}.Release(DLL)|Any CPU.Build.0 = Release|x64
		{1C1ECD9A-8783-492B-9CBD-CA9E0B18F0A0}.Release(DLL)|ARM.ActiveCfg = Release|x64
		{1C1ECD9A-8783-492B-9CBD-CA9E0B18F0A0}.Release(DLL)|ARM.Build.0 = Release|x64
		{1C1ECD9A-8783-492B-9CBD-CA9E0B18F0A0}.Release(DLL)|x64.ActiveCfg = Release|x64
		{1C1ECD9A-8783-492B-9CBD-CA9E0B18F0A0}.Release(DLL)|x64.Build.0 = Release|x64
		{1C1ECD9A-8783-492B-9CBD-CA9E0B18F0A0}.Release(DLL)|x86.ActiveCfg = Release|Win32
		{1C1ECD9A-8783-492B-9CBD-CA9E0B18F0A0}.Release(DLL)|x86.Build.0 = Release|Win32
		{1C1ECD9A-8783-492B-9CBD-CA9E0B18F0A0}.Release(XP)|Any CPU.ActiveCfg = Release|x64
		{1C1ECD9A-8783-492B-9CBD-CA9E0B18F0A0}.Release(XP)|Any CPU.Build.0 = Release|x64
		{1C1ECD9A-8783-492B-9CBD-CA9E0B18F0A0}.Release(XP)|ARM.ActiveCfg = Release|x64
		{1C1ECD9A-8783-492B-9CBD-CA9E0B18F0A0}.Release(XP)|ARM.Build.0 = Release|x64
		{1C1ECD9A-8783-492B-9CBD-CA9E0B18F0A0}.Release(XP)|x64.ActiveCfg = Release|x64
		{1C1ECD9A-8783-492B-9CBD-CA9E0B18F0A0}.Release(XP)|x64.Build.0 = Release|x64
		{1C1ECD9A-8783-492B-9CBD-CA9E0B18F0A0}.Release(XP)|x86.ActiveCfg = Release|Win32
		{1C1ECD9A-8783-492B-9CBD-CA9E0B18F0A0}.Release(XP)|x86.Build.0 = Release|Win32
		{1C1ECD9A-8783-492B-9CBD-CA9E0B18F0A0}.Release|Any CPU.ActiveCfg = Release|Win32
		{1C1ECD9A-8783-492B-9CBD-CA9E0B18F0A0}.Release|ARM.ActiveCfg = Release|Win32
		{1C1ECD9A-8783-492B-9CBD-CA9E0B18F0A0}.Release|x64.ActiveCfg = Release|x64
		{1C1ECD9A-8783-492B-9CBD-CA9E0B18F0A0}.Release|x64.Build.0 = Release|x64
		{1C1ECD9A-8783-492B-9CBD-CA9E0B18F0A0}.Release|x86.ActiveCfg = Release|Win32
		{1C1ECD9A-8783-492B-9CBD-CA9E0B18F0A0}.Release|x86.Build.0 = Release|Win32
>>>>>>> Stashed changes
		{0052122D-9DF0-42D8-A37D-83215C925AF1}.Debug(DLL)|Any CPU.ActiveCfg = Debug|Any CPU
		{0052122D-9DF0-42D8-A37D-83215C925AF1}.Debug(DLL)|Any CPU.Build.0 = Debug|Any CPU
		{0052122D-9DF0-42D8-A37D-83215C925AF1}.Debug(DLL)|ARM.ActiveCfg = Debug|Any CPU
		{0052122D-9DF0-42D8-A37D-83215C925AF1}.Debug(DLL)|ARM.Build.0 = Debug|Any CPU
		{0052122D-9DF0-42D8-A37D-83215C925AF1}.Debug(DLL)|x64.ActiveCfg = Debug|Any CPU
		{0052122D-9DF0-42D8-A37D-83215C925AF1}.Debug(DLL)|x64.Build.0 = Debug|Any CPU
		{0052122D-9DF0-42D8-A37D-83215C925AF1}.Debug(DLL)|x86.ActiveCfg = Debug|Any CPU
		{0052122D-9DF0-42D8-A37D-83215C925AF1}.Debug(DLL)|x86.Build.0 = Debug|Any CPU
		{0052122D-9DF0-42D8-A37D-83215C925AF1}.Debug(XP)|Any CPU.ActiveCfg = Debug|Any CPU
		{0052122D-9DF0-42D8-A37D-83215C925AF1}.Debug(XP)|Any CPU.Build.0 = Debug|Any CPU
		{0052122D-9DF0-42D8-A37D-83215C925AF1}.Debug(XP)|ARM.ActiveCfg = Debug|Any CPU
		{0052122D-9DF0-42D8-A37D-83215C925AF1}.Debug(XP)|ARM.Build.0 = Debug|Any CPU
		{0052122D-9DF0-42D8-A37D-83215C925AF1}.Debug(XP)|x64.ActiveCfg = Debug|Any CPU
		{0052122D-9DF0-42D8-A37D-83215C925AF1}.Debug(XP)|x64.Build.0 = Debug|Any CPU
		{0052122D-9DF0-42D8-A37D-83215C925AF1}.Debug(XP)|x86.ActiveCfg = Debug|Any CPU
		{0052122D-9DF0-42D8-A37D-83215C925AF1}.Debug(XP)|x86.Build.0 = Debug|Any CPU
		{0052122D-9DF0-42D8-A37D-83215C925AF1}.Debug|Any CPU.ActiveCfg = Debug|Any CPU
		{0052122D-9DF0-42D8-A37D-83215C925AF1}.Debug|Any CPU.Build.0 = Debug|Any CPU
		{0052122D-9DF0-42D8-A37D-83215C925AF1}.Debug|ARM.ActiveCfg = Debug|Any CPU
		{0052122D-9DF0-42D8-A37D-83215C925AF1}.Debug|ARM.Build.0 = Debug|Any CPU
		{0052122D-9DF0-42D8-A37D-83215C925AF1}.Debug|x64.ActiveCfg = Debug|Any CPU
		{0052122D-9DF0-42D8-A37D-83215C925AF1}.Debug|x64.Build.0 = Debug|Any CPU
		{0052122D-9DF0-42D8-A37D-83215C925AF1}.Debug|x86.ActiveCfg = Debug|Any CPU
		{0052122D-9DF0-42D8-A37D-83215C925AF1}.Debug|x86.Build.0 = Debug|Any CPU
		{0052122D-9DF0-42D8-A37D-83215C925AF1}.Release(DLL)|Any CPU.ActiveCfg = Release|Any CPU
		{0052122D-9DF0-42D8-A37D-83215C925AF1}.Release(DLL)|Any CPU.Build.0 = Release|Any CPU
		{0052122D-9DF0-42D8-A37D-83215C925AF1}.Release(DLL)|ARM.ActiveCfg = Release|Any CPU
		{0052122D-9DF0-42D8-A37D-83215C925AF1}.Release(DLL)|ARM.Build.0 = Release|Any CPU
		{0052122D-9DF0-42D8-A37D-83215C925AF1}.Release(DLL)|x64.ActiveCfg = Release|Any CPU
		{0052122D-9DF0-42D8-A37D-83215C925AF1}.Release(DLL)|x64.Build.0 = Release|Any CPU
		{0052122D-9DF0-42D8-A37D-83215C925AF1}.Release(DLL)|x86.ActiveCfg = Release|Any CPU
		{0052122D-9DF0-42D8-A37D-83215C925AF1}.Release(DLL)|x86.Build.0 = Release|Any CPU
		{0052122D-9DF0-42D8-A37D-83215C925AF1}.Release(XP)|Any CPU.ActiveCfg = Release|Any CPU
		{0052122D-9DF0-42D8-A37D-83215C925AF1}.Release(XP)|Any CPU.Build.0 = Release|Any CPU
		{0052122D-9DF0-42D8-A37D-83215C925AF1}.Release(XP)|ARM.ActiveCfg = Release|Any CPU
		{0052122D-9DF0-42D8-A37D-83215C925AF1}.Release(XP)|ARM.Build.0 = Release|Any CPU
		{0052122D-9DF0-42D8-A37D-83215C925AF1}.Release(XP)|x64.ActiveCfg = Release|Any CPU
		{0052122D-9DF0-42D8-A37D-83215C925AF1}.Release(XP)|x64.Build.0 = Release|Any CPU
		{0052122D-9DF0-42D8-A37D-83215C925AF1}.Release(XP)|x86.ActiveCfg = Release|Any CPU
		{0052122D-9DF0-42D8-A37D-83215C925AF1}.Release(XP)|x86.Build.0 = Release|Any CPU
		{0052122D-9DF0-42D8-A37D-83215C925AF1}.Release|Any CPU.ActiveCfg = Release|Any CPU
		{0052122D-9DF0-42D8-A37D-83215C925AF1}.Release|Any CPU.Build.0 = Release|Any CPU
		{0052122D-9DF0-42D8-A37D-83215C925AF1}.Release|ARM.ActiveCfg = Release|Any CPU
		{0052122D-9DF0-42D8-A37D-83215C925AF1}.Release|ARM.Build.0 = Release|Any CPU
		{0052122D-9DF0-42D8-A37D-83215C925AF1}.Release|x64.ActiveCfg = Release|Any CPU
		{0052122D-9DF0-42D8-A37D-83215C925AF1}.Release|x64.Build.0 = Release|Any CPU
		{0052122D-9DF0-42D8-A37D-83215C925AF1}.Release|x86.ActiveCfg = Release|Any CPU
		{0052122D-9DF0-42D8-A37D-83215C925AF1}.Release|x86.Build.0 = Release|Any CPU
<<<<<<< Updated upstream
		{1C1ECD9A-8783-492B-9CBD-CA9E0B18F0A0}.Debug(DLL)|Any CPU.ActiveCfg = Release|x64
		{1C1ECD9A-8783-492B-9CBD-CA9E0B18F0A0}.Debug(DLL)|Any CPU.Build.0 = Release|x64
		{1C1ECD9A-8783-492B-9CBD-CA9E0B18F0A0}.Debug(DLL)|ARM.ActiveCfg = Release|x64
		{1C1ECD9A-8783-492B-9CBD-CA9E0B18F0A0}.Debug(DLL)|ARM.Build.0 = Release|x64
		{1C1ECD9A-8783-492B-9CBD-CA9E0B18F0A0}.Debug(DLL)|x64.ActiveCfg = Debug|x64
		{1C1ECD9A-8783-492B-9CBD-CA9E0B18F0A0}.Debug(DLL)|x64.Build.0 = Debug|x64
		{1C1ECD9A-8783-492B-9CBD-CA9E0B18F0A0}.Debug(DLL)|x86.ActiveCfg = Debug|Win32
		{1C1ECD9A-8783-492B-9CBD-CA9E0B18F0A0}.Debug(DLL)|x86.Build.0 = Debug|Win32
		{1C1ECD9A-8783-492B-9CBD-CA9E0B18F0A0}.Debug(XP)|Any CPU.ActiveCfg = Release|x64
		{1C1ECD9A-8783-492B-9CBD-CA9E0B18F0A0}.Debug(XP)|Any CPU.Build.0 = Release|x64
		{1C1ECD9A-8783-492B-9CBD-CA9E0B18F0A0}.Debug(XP)|ARM.ActiveCfg = Release|x64
		{1C1ECD9A-8783-492B-9CBD-CA9E0B18F0A0}.Debug(XP)|ARM.Build.0 = Release|x64
		{1C1ECD9A-8783-492B-9CBD-CA9E0B18F0A0}.Debug(XP)|x64.ActiveCfg = Debug|x64
		{1C1ECD9A-8783-492B-9CBD-CA9E0B18F0A0}.Debug(XP)|x64.Build.0 = Debug|x64
		{1C1ECD9A-8783-492B-9CBD-CA9E0B18F0A0}.Debug(XP)|x86.ActiveCfg = Debug|Win32
		{1C1ECD9A-8783-492B-9CBD-CA9E0B18F0A0}.Debug(XP)|x86.Build.0 = Debug|Win32
		{1C1ECD9A-8783-492B-9CBD-CA9E0B18F0A0}.Debug|Any CPU.ActiveCfg = Debug|Win32
		{1C1ECD9A-8783-492B-9CBD-CA9E0B18F0A0}.Debug|ARM.ActiveCfg = Debug|Win32
		{1C1ECD9A-8783-492B-9CBD-CA9E0B18F0A0}.Debug|x64.ActiveCfg = Debug|x64
		{1C1ECD9A-8783-492B-9CBD-CA9E0B18F0A0}.Debug|x64.Build.0 = Debug|x64
		{1C1ECD9A-8783-492B-9CBD-CA9E0B18F0A0}.Debug|x86.ActiveCfg = Debug|Win32
		{1C1ECD9A-8783-492B-9CBD-CA9E0B18F0A0}.Debug|x86.Build.0 = Debug|Win32
		{1C1ECD9A-8783-492B-9CBD-CA9E0B18F0A0}.Release(DLL)|Any CPU.ActiveCfg = Release|x64
		{1C1ECD9A-8783-492B-9CBD-CA9E0B18F0A0}.Release(DLL)|Any CPU.Build.0 = Release|x64
		{1C1ECD9A-8783-492B-9CBD-CA9E0B18F0A0}.Release(DLL)|ARM.ActiveCfg = Release|x64
		{1C1ECD9A-8783-492B-9CBD-CA9E0B18F0A0}.Release(DLL)|ARM.Build.0 = Release|x64
		{1C1ECD9A-8783-492B-9CBD-CA9E0B18F0A0}.Release(DLL)|x64.ActiveCfg = Release|x64
		{1C1ECD9A-8783-492B-9CBD-CA9E0B18F0A0}.Release(DLL)|x64.Build.0 = Release|x64
		{1C1ECD9A-8783-492B-9CBD-CA9E0B18F0A0}.Release(DLL)|x86.ActiveCfg = Release|Win32
		{1C1ECD9A-8783-492B-9CBD-CA9E0B18F0A0}.Release(DLL)|x86.Build.0 = Release|Win32
		{1C1ECD9A-8783-492B-9CBD-CA9E0B18F0A0}.Release(XP)|Any CPU.ActiveCfg = Release|x64
		{1C1ECD9A-8783-492B-9CBD-CA9E0B18F0A0}.Release(XP)|Any CPU.Build.0 = Release|x64
		{1C1ECD9A-8783-492B-9CBD-CA9E0B18F0A0}.Release(XP)|ARM.ActiveCfg = Release|x64
		{1C1ECD9A-8783-492B-9CBD-CA9E0B18F0A0}.Release(XP)|ARM.Build.0 = Release|x64
		{1C1ECD9A-8783-492B-9CBD-CA9E0B18F0A0}.Release(XP)|x64.ActiveCfg = Release|x64
		{1C1ECD9A-8783-492B-9CBD-CA9E0B18F0A0}.Release(XP)|x64.Build.0 = Release|x64
		{1C1ECD9A-8783-492B-9CBD-CA9E0B18F0A0}.Release(XP)|x86.ActiveCfg = Release|Win32
		{1C1ECD9A-8783-492B-9CBD-CA9E0B18F0A0}.Release(XP)|x86.Build.0 = Release|Win32
		{1C1ECD9A-8783-492B-9CBD-CA9E0B18F0A0}.Release|Any CPU.ActiveCfg = Release|Win32
		{1C1ECD9A-8783-492B-9CBD-CA9E0B18F0A0}.Release|ARM.ActiveCfg = Release|Win32
		{1C1ECD9A-8783-492B-9CBD-CA9E0B18F0A0}.Release|x64.ActiveCfg = Release|x64
		{1C1ECD9A-8783-492B-9CBD-CA9E0B18F0A0}.Release|x64.Build.0 = Release|x64
		{1C1ECD9A-8783-492B-9CBD-CA9E0B18F0A0}.Release|x86.ActiveCfg = Release|Win32
		{1C1ECD9A-8783-492B-9CBD-CA9E0B18F0A0}.Release|x86.Build.0 = Release|Win32
		{429D5352-4311-4041-BF4D-B3E2D89B3EFA}.Debug(DLL)|Any CPU.ActiveCfg = Release|x64
		{429D5352-4311-4041-BF4D-B3E2D89B3EFA}.Debug(DLL)|Any CPU.Build.0 = Release|x64
		{429D5352-4311-4041-BF4D-B3E2D89B3EFA}.Debug(DLL)|ARM.ActiveCfg = Release|x64
		{429D5352-4311-4041-BF4D-B3E2D89B3EFA}.Debug(DLL)|ARM.Build.0 = Release|x64
		{429D5352-4311-4041-BF4D-B3E2D89B3EFA}.Debug(DLL)|x64.ActiveCfg = Debug|x64
		{429D5352-4311-4041-BF4D-B3E2D89B3EFA}.Debug(DLL)|x64.Build.0 = Debug|x64
		{429D5352-4311-4041-BF4D-B3E2D89B3EFA}.Debug(DLL)|x86.ActiveCfg = Debug|Win32
		{429D5352-4311-4041-BF4D-B3E2D89B3EFA}.Debug(DLL)|x86.Build.0 = Debug|Win32
		{429D5352-4311-4041-BF4D-B3E2D89B3EFA}.Debug(XP)|Any CPU.ActiveCfg = Release|x64
		{429D5352-4311-4041-BF4D-B3E2D89B3EFA}.Debug(XP)|Any CPU.Build.0 = Release|x64
		{429D5352-4311-4041-BF4D-B3E2D89B3EFA}.Debug(XP)|ARM.ActiveCfg = Release|x64
		{429D5352-4311-4041-BF4D-B3E2D89B3EFA}.Debug(XP)|ARM.Build.0 = Release|x64
		{429D5352-4311-4041-BF4D-B3E2D89B3EFA}.Debug(XP)|x64.ActiveCfg = Debug|x64
		{429D5352-4311-4041-BF4D-B3E2D89B3EFA}.Debug(XP)|x64.Build.0 = Debug|x64
		{429D5352-4311-4041-BF4D-B3E2D89B3EFA}.Debug(XP)|x86.ActiveCfg = Debug|Win32
		{429D5352-4311-4041-BF4D-B3E2D89B3EFA}.Debug(XP)|x86.Build.0 = Debug|Win32
		{429D5352-4311-4041-BF4D-B3E2D89B3EFA}.Debug|Any CPU.ActiveCfg = Debug|Win32
		{429D5352-4311-4041-BF4D-B3E2D89B3EFA}.Debug|ARM.ActiveCfg = Debug|Win32
		{429D5352-4311-4041-BF4D-B3E2D89B3EFA}.Debug|x64.ActiveCfg = Debug|x64
		{429D5352-4311-4041-BF4D-B3E2D89B3EFA}.Debug|x64.Build.0 = Debug|x64
		{429D5352-4311-4041-BF4D-B3E2D89B3EFA}.Debug|x86.ActiveCfg = Debug|Win32
		{429D5352-4311-4041-BF4D-B3E2D89B3EFA}.Debug|x86.Build.0 = Debug|Win32
		{429D5352-4311-4041-BF4D-B3E2D89B3EFA}.Release(DLL)|Any CPU.ActiveCfg = Release|x64
		{429D5352-4311-4041-BF4D-B3E2D89B3EFA}.Release(DLL)|Any CPU.Build.0 = Release|x64
		{429D5352-4311-4041-BF4D-B3E2D89B3EFA}.Release(DLL)|ARM.ActiveCfg = Release|x64
		{429D5352-4311-4041-BF4D-B3E2D89B3EFA}.Release(DLL)|ARM.Build.0 = Release|x64
		{429D5352-4311-4041-BF4D-B3E2D89B3EFA}.Release(DLL)|x64.ActiveCfg = Release|x64
		{429D5352-4311-4041-BF4D-B3E2D89B3EFA}.Release(DLL)|x64.Build.0 = Release|x64
		{429D5352-4311-4041-BF4D-B3E2D89B3EFA}.Release(DLL)|x86.ActiveCfg = Release|Win32
		{429D5352-4311-4041-BF4D-B3E2D89B3EFA}.Release(DLL)|x86.Build.0 = Release|Win32
		{429D5352-4311-4041-BF4D-B3E2D89B3EFA}.Release(XP)|Any CPU.ActiveCfg = Release|x64
		{429D5352-4311-4041-BF4D-B3E2D89B3EFA}.Release(XP)|Any CPU.Build.0 = Release|x64
		{429D5352-4311-4041-BF4D-B3E2D89B3EFA}.Release(XP)|ARM.ActiveCfg = Release|x64
		{429D5352-4311-4041-BF4D-B3E2D89B3EFA}.Release(XP)|ARM.Build.0 = Release|x64
		{429D5352-4311-4041-BF4D-B3E2D89B3EFA}.Release(XP)|x64.ActiveCfg = Release|x64
		{429D5352-4311-4041-BF4D-B3E2D89B3EFA}.Release(XP)|x64.Build.0 = Release|x64
		{429D5352-4311-4041-BF4D-B3E2D89B3EFA}.Release(XP)|x86.ActiveCfg = Release|Win32
		{429D5352-4311-4041-BF4D-B3E2D89B3EFA}.Release(XP)|x86.Build.0 = Release|Win32
		{429D5352-4311-4041-BF4D-B3E2D89B3EFA}.Release|Any CPU.ActiveCfg = Release|Win32
		{429D5352-4311-4041-BF4D-B3E2D89B3EFA}.Release|ARM.ActiveCfg = Release|Win32
		{429D5352-4311-4041-BF4D-B3E2D89B3EFA}.Release|x64.ActiveCfg = Release|x64
		{429D5352-4311-4041-BF4D-B3E2D89B3EFA}.Release|x64.Build.0 = Release|x64
		{429D5352-4311-4041-BF4D-B3E2D89B3EFA}.Release|x86.ActiveCfg = Release|Win32
		{429D5352-4311-4041-BF4D-B3E2D89B3EFA}.Release|x86.Build.0 = Release|Win32
=======
>>>>>>> Stashed changes
	EndGlobalSection
	GlobalSection(SolutionProperties) = preSolution
		HideSolutionNode = FALSE
	EndGlobalSection
EndGlobal
